// !$*UTF8*$!
{
	archiveVersion = 1;
	classes = {
	};
	objectVersion = 46;
	objects = {

/* Begin PBXBuildFile section */
		15CF9F9EB7E345DEB53B1D0B /* libPods.a in Frameworks */ = {isa = PBXBuildFile; fileRef = 93A21E9239314E86AEB33567 /* libPods.a */; };
		C73D385C183169AC00AD9887 /* UIImage+ImageEffects.m in Sources */ = {isa = PBXBuildFile; fileRef = C73D3859183169AC00AD9887 /* UIImage+ImageEffects.m */; };
		C73D385D183169AC00AD9887 /* UINavigationController+MHDismissModalView.m in Sources */ = {isa = PBXBuildFile; fileRef = C73D385B183169AC00AD9887 /* UINavigationController+MHDismissModalView.m */; };
		C73D386018316A6800AD9887 /* KKSettingsViewController.m in Sources */ = {isa = PBXBuildFile; fileRef = C73D385F18316A6800AD9887 /* KKSettingsViewController.m */; };
		C74ED59F182361F2003D137C /* KKMainViewController.m in Sources */ = {isa = PBXBuildFile; fileRef = C74ED59E182361F2003D137C /* KKMainViewController.m */; };
		C74ED5A21823621A003D137C /* KKNewDateTableViewController.m in Sources */ = {isa = PBXBuildFile; fileRef = C74ED5A11823621A003D137C /* KKNewDateTableViewController.m */; };
		C76ECE0E1829A386005E5591 /* KKDatePickerCell.m in Sources */ = {isa = PBXBuildFile; fileRef = C76ECE0C1829A386005E5591 /* KKDatePickerCell.m */; };
		C76ECE0F1829A386005E5591 /* KKDatePickerCell.xib in Resources */ = {isa = PBXBuildFile; fileRef = C76ECE0D1829A386005E5591 /* KKDatePickerCell.xib */; };
		C7935C3D1828080C0012E021 /* KKTabBarController.m in Sources */ = {isa = PBXBuildFile; fileRef = C7935C3C1828080C0012E021 /* KKTabBarController.m */; };
		C7935C5818281C150012E021 /* CECardsAnimationController.m in Sources */ = {isa = PBXBuildFile; fileRef = C7935C4018281C150012E021 /* CECardsAnimationController.m */; };
		C7935C5918281C150012E021 /* CECrossfadeAnimationController.m in Sources */ = {isa = PBXBuildFile; fileRef = C7935C4218281C150012E021 /* CECrossfadeAnimationController.m */; };
		C7935C5A18281C150012E021 /* CEExplodeAnimationController.m in Sources */ = {isa = PBXBuildFile; fileRef = C7935C4418281C150012E021 /* CEExplodeAnimationController.m */; };
		C7935C5B18281C150012E021 /* CEFlipAnimationController.m in Sources */ = {isa = PBXBuildFile; fileRef = C7935C4618281C150012E021 /* CEFlipAnimationController.m */; };
		C7935C5C18281C150012E021 /* CEFoldAnimationController.m in Sources */ = {isa = PBXBuildFile; fileRef = C7935C4818281C150012E021 /* CEFoldAnimationController.m */; };
		C7935C5D18281C150012E021 /* CENatGeoAnimationController.m in Sources */ = {isa = PBXBuildFile; fileRef = C7935C4A18281C150012E021 /* CENatGeoAnimationController.m */; };
		C7935C5E18281C150012E021 /* CEReversibleAnimationController.m in Sources */ = {isa = PBXBuildFile; fileRef = C7935C4C18281C150012E021 /* CEReversibleAnimationController.m */; };
		C7935C5F18281C150012E021 /* CETurnAnimationController.m in Sources */ = {isa = PBXBuildFile; fileRef = C7935C4E18281C150012E021 /* CETurnAnimationController.m */; };
		C7935C6018281C150012E021 /* CEBaseInteractionController.m in Sources */ = {isa = PBXBuildFile; fileRef = C7935C5118281C150012E021 /* CEBaseInteractionController.m */; };
		C7935C6118281C150012E021 /* CEHorizontalSwipeInteractionController.m in Sources */ = {isa = PBXBuildFile; fileRef = C7935C5318281C150012E021 /* CEHorizontalSwipeInteractionController.m */; };
		C7935C6218281C150012E021 /* CEPinchInteractionController.m in Sources */ = {isa = PBXBuildFile; fileRef = C7935C5518281C150012E021 /* CEPinchInteractionController.m */; };
		C7935C6318281C150012E021 /* CEVerticalSwipeInteractionController.m in Sources */ = {isa = PBXBuildFile; fileRef = C7935C5718281C150012E021 /* CEVerticalSwipeInteractionController.m */; };
		C7DB1D7B18218C6C009A2DCC /* Foundation.framework in Frameworks */ = {isa = PBXBuildFile; fileRef = C7DB1D7A18218C6C009A2DCC /* Foundation.framework */; };
		C7DB1D7D18218C6C009A2DCC /* CoreGraphics.framework in Frameworks */ = {isa = PBXBuildFile; fileRef = C7DB1D7C18218C6C009A2DCC /* CoreGraphics.framework */; };
		C7DB1D7F18218C6C009A2DCC /* UIKit.framework in Frameworks */ = {isa = PBXBuildFile; fileRef = C7DB1D7E18218C6C009A2DCC /* UIKit.framework */; };
		C7DB1D8518218C6C009A2DCC /* InfoPlist.strings in Resources */ = {isa = PBXBuildFile; fileRef = C7DB1D8318218C6C009A2DCC /* InfoPlist.strings */; };
		C7DB1D8718218C6C009A2DCC /* main.m in Sources */ = {isa = PBXBuildFile; fileRef = C7DB1D8618218C6C009A2DCC /* main.m */; };
		C7DB1D8B18218C6C009A2DCC /* KKAppDelegate.m in Sources */ = {isa = PBXBuildFile; fileRef = C7DB1D8A18218C6C009A2DCC /* KKAppDelegate.m */; };
		C7DB1D8E18218C6C009A2DCC /* Main_iPhone.storyboard in Resources */ = {isa = PBXBuildFile; fileRef = C7DB1D8C18218C6C009A2DCC /* Main_iPhone.storyboard */; };
		C7DB1D9918218C6C009A2DCC /* Images.xcassets in Resources */ = {isa = PBXBuildFile; fileRef = C7DB1D9818218C6C009A2DCC /* Images.xcassets */; };
		C7DB1DA018218C6C009A2DCC /* XCTest.framework in Frameworks */ = {isa = PBXBuildFile; fileRef = C7DB1D9F18218C6C009A2DCC /* XCTest.framework */; };
		C7DB1DA118218C6C009A2DCC /* Foundation.framework in Frameworks */ = {isa = PBXBuildFile; fileRef = C7DB1D7A18218C6C009A2DCC /* Foundation.framework */; };
		C7DB1DA218218C6C009A2DCC /* UIKit.framework in Frameworks */ = {isa = PBXBuildFile; fileRef = C7DB1D7E18218C6C009A2DCC /* UIKit.framework */; };
		C7DB1DAA18218C6D009A2DCC /* InfoPlist.strings in Resources */ = {isa = PBXBuildFile; fileRef = C7DB1DA818218C6D009A2DCC /* InfoPlist.strings */; };
		C7DB1DAC18218C6D009A2DCC /* CalcuDatesTests.m in Sources */ = {isa = PBXBuildFile; fileRef = C7DB1DAB18218C6D009A2DCC /* CalcuDatesTests.m */; };
		C7DB1DBC18218F25009A2DCC /* AdSupport.framework in Frameworks */ = {isa = PBXBuildFile; fileRef = C7DB1DB518218F25009A2DCC /* AdSupport.framework */; };
		C7DB1DBD18218F25009A2DCC /* CFNetwork.framework in Frameworks */ = {isa = PBXBuildFile; fileRef = C7DB1DB618218F25009A2DCC /* CFNetwork.framework */; };
		C7DB1DBE18218F25009A2DCC /* EventKit.framework in Frameworks */ = {isa = PBXBuildFile; fileRef = C7DB1DB718218F25009A2DCC /* EventKit.framework */; };
		C7DB1DBF18218F25009A2DCC /* EventKitUI.framework in Frameworks */ = {isa = PBXBuildFile; fileRef = C7DB1DB818218F25009A2DCC /* EventKitUI.framework */; };
		C7DB1DC018218F25009A2DCC /* QuartzCore.framework in Frameworks */ = {isa = PBXBuildFile; fileRef = C7DB1DB918218F25009A2DCC /* QuartzCore.framework */; };
		C7DB1DC218218F25009A2DCC /* SystemConfiguration.framework in Frameworks */ = {isa = PBXBuildFile; fileRef = C7DB1DBB18218F25009A2DCC /* SystemConfiguration.framework */; };
		C7DB1DC518218F56009A2DCC /* Crashlytics.framework in Frameworks */ = {isa = PBXBuildFile; fileRef = C7DB1DC318218F56009A2DCC /* Crashlytics.framework */; };
		C7DB1DC618218F56009A2DCC /* RevMobAds.framework in Frameworks */ = {isa = PBXBuildFile; fileRef = C7DB1DC418218F56009A2DCC /* RevMobAds.framework */; };
		C7F0FBDF1828296200CEA23A /* AppCalendar.m in Sources */ = {isa = PBXBuildFile; fileRef = C7F0FBD31828296200CEA23A /* AppCalendar.m */; };
		C7F0FBE21828296200CEA23A /* EventKitController.m in Sources */ = {isa = PBXBuildFile; fileRef = C7F0FBD81828296200CEA23A /* EventKitController.m */; };
		C7F0FBE31828296200CEA23A /* MyManager.m in Sources */ = {isa = PBXBuildFile; fileRef = C7F0FBDA1828296200CEA23A /* MyManager.m */; };
		C7F0FBE818283FF400CEA23A /* KKTimePeriodTableViewController.m in Sources */ = {isa = PBXBuildFile; fileRef = C7F0FBE718283FF400CEA23A /* KKTimePeriodTableViewController.m */; };
		C7F0FBF418286B0200CEA23A /* KKSlightIndentTextField.m in Sources */ = {isa = PBXBuildFile; fileRef = C7F0FBF318286B0200CEA23A /* KKSlightIndentTextField.m */; };
		C7F0FC0318286F5E00CEA23A /* KKButtonBarCell.m in Sources */ = {isa = PBXBuildFile; fileRef = C7F0FBF818286F5E00CEA23A /* KKButtonBarCell.m */; };
		C7F0FC0418286F5E00CEA23A /* KKButtonBarCell.xib in Resources */ = {isa = PBXBuildFile; fileRef = C7F0FBF918286F5E00CEA23A /* KKButtonBarCell.xib */; };
		C7F0FC0518286F5E00CEA23A /* KKDateCell.m in Sources */ = {isa = PBXBuildFile; fileRef = C7F0FBFB18286F5E00CEA23A /* KKDateCell.m */; };
		C7F0FC0618286F5E00CEA23A /* KKDateCell.xib in Resources */ = {isa = PBXBuildFile; fileRef = C7F0FBFC18286F5E00CEA23A /* KKDateCell.xib */; };
		C7F0FC0718286F5E00CEA23A /* KKDateDifferencesCell.m in Sources */ = {isa = PBXBuildFile; fileRef = C7F0FBFE18286F5E00CEA23A /* KKDateDifferencesCell.m */; };
		C7F0FC0818286F5E00CEA23A /* KKDateDifferencesCell.xib in Resources */ = {isa = PBXBuildFile; fileRef = C7F0FBFF18286F5E00CEA23A /* KKDateDifferencesCell.xib */; };
		C7F0FC0918286F5E00CEA23A /* KKEndDateCell.m in Sources */ = {isa = PBXBuildFile; fileRef = C7F0FC0118286F5E00CEA23A /* KKEndDateCell.m */; };
		C7F0FC0A18286F5E00CEA23A /* KKEndDateCell.xib in Resources */ = {isa = PBXBuildFile; fileRef = C7F0FC0218286F5E00CEA23A /* KKEndDateCell.xib */; };
/* End PBXBuildFile section */

/* Begin PBXContainerItemProxy section */
		C7DB1DA318218C6C009A2DCC /* PBXContainerItemProxy */ = {
			isa = PBXContainerItemProxy;
			containerPortal = C7DB1D6F18218C6C009A2DCC /* Project object */;
			proxyType = 1;
			remoteGlobalIDString = C7DB1D7618218C6C009A2DCC;
			remoteInfo = CalcuDates;
		};
/* End PBXContainerItemProxy section */

/* Begin PBXFileReference section */
		610CF16D12BF4A8EB588F390 /* Pods.xcconfig */ = {isa = PBXFileReference; includeInIndex = 1; lastKnownFileType = text.xcconfig; name = Pods.xcconfig; path = Pods/Pods.xcconfig; sourceTree = "<group>"; };
		93A21E9239314E86AEB33567 /* libPods.a */ = {isa = PBXFileReference; explicitFileType = archive.ar; includeInIndex = 0; path = libPods.a; sourceTree = BUILT_PRODUCTS_DIR; };
		C73D3858183169AC00AD9887 /* UIImage+ImageEffects.h */ = {isa = PBXFileReference; fileEncoding = 4; lastKnownFileType = sourcecode.c.h; path = "UIImage+ImageEffects.h"; sourceTree = "<group>"; };
		C73D3859183169AC00AD9887 /* UIImage+ImageEffects.m */ = {isa = PBXFileReference; fileEncoding = 4; lastKnownFileType = sourcecode.c.objc; path = "UIImage+ImageEffects.m"; sourceTree = "<group>"; };
		C73D385A183169AC00AD9887 /* UINavigationController+MHDismissModalView.h */ = {isa = PBXFileReference; fileEncoding = 4; lastKnownFileType = sourcecode.c.h; path = "UINavigationController+MHDismissModalView.h"; sourceTree = "<group>"; };
		C73D385B183169AC00AD9887 /* UINavigationController+MHDismissModalView.m */ = {isa = PBXFileReference; fileEncoding = 4; lastKnownFileType = sourcecode.c.objc; path = "UINavigationController+MHDismissModalView.m"; sourceTree = "<group>"; };
		C73D385E18316A6800AD9887 /* KKSettingsViewController.h */ = {isa = PBXFileReference; fileEncoding = 4; lastKnownFileType = sourcecode.c.h; name = KKSettingsViewController.h; path = "View Controllers/KKSettingsViewController.h"; sourceTree = "<group>"; };
		C73D385F18316A6800AD9887 /* KKSettingsViewController.m */ = {isa = PBXFileReference; fileEncoding = 4; lastKnownFileType = sourcecode.c.objc; name = KKSettingsViewController.m; path = "View Controllers/KKSettingsViewController.m"; sourceTree = "<group>"; };
		C74ED59718234E0C003D137C /* KKConstants.h */ = {isa = PBXFileReference; fileEncoding = 4; lastKnownFileType = sourcecode.c.h; name = KKConstants.h; path = Classes/KKConstants.h; sourceTree = "<group>"; };
		C74ED59D182361F2003D137C /* KKMainViewController.h */ = {isa = PBXFileReference; fileEncoding = 4; lastKnownFileType = sourcecode.c.h; name = KKMainViewController.h; path = "View Controllers/KKMainViewController.h"; sourceTree = "<group>"; };
		C74ED59E182361F2003D137C /* KKMainViewController.m */ = {isa = PBXFileReference; fileEncoding = 4; lastKnownFileType = sourcecode.c.objc; name = KKMainViewController.m; path = "View Controllers/KKMainViewController.m"; sourceTree = "<group>"; };
		C74ED5A01823621A003D137C /* KKNewDateTableViewController.h */ = {isa = PBXFileReference; fileEncoding = 4; lastKnownFileType = sourcecode.c.h; name = KKNewDateTableViewController.h; path = "View Controllers/KKNewDateTableViewController.h"; sourceTree = "<group>"; };
		C74ED5A11823621A003D137C /* KKNewDateTableViewController.m */ = {isa = PBXFileReference; fileEncoding = 4; lastKnownFileType = sourcecode.c.objc; name = KKNewDateTableViewController.m; path = "View Controllers/KKNewDateTableViewController.m"; sourceTree = "<group>"; };
		C76ECE0618293CF7005E5591 /* KKMacros.h */ = {isa = PBXFileReference; fileEncoding = 4; lastKnownFileType = sourcecode.c.h; name = KKMacros.h; path = Classes/KKMacros.h; sourceTree = "<group>"; };
		C76ECE0B1829A386005E5591 /* KKDatePickerCell.h */ = {isa = PBXFileReference; fileEncoding = 4; lastKnownFileType = sourcecode.c.h; name = KKDatePickerCell.h; path = "Custom Table Cells/KKDatePickerCell.h"; sourceTree = "<group>"; };
		C76ECE0C1829A386005E5591 /* KKDatePickerCell.m */ = {isa = PBXFileReference; fileEncoding = 4; lastKnownFileType = sourcecode.c.objc; name = KKDatePickerCell.m; path = "Custom Table Cells/KKDatePickerCell.m"; sourceTree = "<group>"; };
		C76ECE0D1829A386005E5591 /* KKDatePickerCell.xib */ = {isa = PBXFileReference; fileEncoding = 4; lastKnownFileType = file.xib; name = KKDatePickerCell.xib; path = "Custom Table Cells/KKDatePickerCell.xib"; sourceTree = "<group>"; };
		C7935C3B1828080C0012E021 /* KKTabBarController.h */ = {isa = PBXFileReference; fileEncoding = 4; lastKnownFileType = sourcecode.c.h; name = KKTabBarController.h; path = "View Controllers/KKTabBarController.h"; sourceTree = "<group>"; };
		C7935C3C1828080C0012E021 /* KKTabBarController.m */ = {isa = PBXFileReference; fileEncoding = 4; lastKnownFileType = sourcecode.c.objc; name = KKTabBarController.m; path = "View Controllers/KKTabBarController.m"; sourceTree = "<group>"; };
		C7935C3F18281C150012E021 /* CECardsAnimationController.h */ = {isa = PBXFileReference; fileEncoding = 4; lastKnownFileType = sourcecode.c.h; path = CECardsAnimationController.h; sourceTree = "<group>"; };
		C7935C4018281C150012E021 /* CECardsAnimationController.m */ = {isa = PBXFileReference; fileEncoding = 4; lastKnownFileType = sourcecode.c.objc; path = CECardsAnimationController.m; sourceTree = "<group>"; };
		C7935C4118281C150012E021 /* CECrossfadeAnimationController.h */ = {isa = PBXFileReference; fileEncoding = 4; lastKnownFileType = sourcecode.c.h; path = CECrossfadeAnimationController.h; sourceTree = "<group>"; };
		C7935C4218281C150012E021 /* CECrossfadeAnimationController.m */ = {isa = PBXFileReference; fileEncoding = 4; lastKnownFileType = sourcecode.c.objc; path = CECrossfadeAnimationController.m; sourceTree = "<group>"; };
		C7935C4318281C150012E021 /* CEExplodeAnimationController.h */ = {isa = PBXFileReference; fileEncoding = 4; lastKnownFileType = sourcecode.c.h; path = CEExplodeAnimationController.h; sourceTree = "<group>"; };
		C7935C4418281C150012E021 /* CEExplodeAnimationController.m */ = {isa = PBXFileReference; fileEncoding = 4; lastKnownFileType = sourcecode.c.objc; path = CEExplodeAnimationController.m; sourceTree = "<group>"; };
		C7935C4518281C150012E021 /* CEFlipAnimationController.h */ = {isa = PBXFileReference; fileEncoding = 4; lastKnownFileType = sourcecode.c.h; path = CEFlipAnimationController.h; sourceTree = "<group>"; };
		C7935C4618281C150012E021 /* CEFlipAnimationController.m */ = {isa = PBXFileReference; fileEncoding = 4; lastKnownFileType = sourcecode.c.objc; path = CEFlipAnimationController.m; sourceTree = "<group>"; };
		C7935C4718281C150012E021 /* CEFoldAnimationController.h */ = {isa = PBXFileReference; fileEncoding = 4; lastKnownFileType = sourcecode.c.h; path = CEFoldAnimationController.h; sourceTree = "<group>"; };
		C7935C4818281C150012E021 /* CEFoldAnimationController.m */ = {isa = PBXFileReference; fileEncoding = 4; lastKnownFileType = sourcecode.c.objc; path = CEFoldAnimationController.m; sourceTree = "<group>"; };
		C7935C4918281C150012E021 /* CENatGeoAnimationController.h */ = {isa = PBXFileReference; fileEncoding = 4; lastKnownFileType = sourcecode.c.h; path = CENatGeoAnimationController.h; sourceTree = "<group>"; };
		C7935C4A18281C150012E021 /* CENatGeoAnimationController.m */ = {isa = PBXFileReference; fileEncoding = 4; lastKnownFileType = sourcecode.c.objc; path = CENatGeoAnimationController.m; sourceTree = "<group>"; };
		C7935C4B18281C150012E021 /* CEReversibleAnimationController.h */ = {isa = PBXFileReference; fileEncoding = 4; lastKnownFileType = sourcecode.c.h; path = CEReversibleAnimationController.h; sourceTree = "<group>"; };
		C7935C4C18281C150012E021 /* CEReversibleAnimationController.m */ = {isa = PBXFileReference; fileEncoding = 4; lastKnownFileType = sourcecode.c.objc; path = CEReversibleAnimationController.m; sourceTree = "<group>"; };
		C7935C4D18281C150012E021 /* CETurnAnimationController.h */ = {isa = PBXFileReference; fileEncoding = 4; lastKnownFileType = sourcecode.c.h; path = CETurnAnimationController.h; sourceTree = "<group>"; };
		C7935C4E18281C150012E021 /* CETurnAnimationController.m */ = {isa = PBXFileReference; fileEncoding = 4; lastKnownFileType = sourcecode.c.objc; path = CETurnAnimationController.m; sourceTree = "<group>"; };
		C7935C5018281C150012E021 /* CEBaseInteractionController.h */ = {isa = PBXFileReference; fileEncoding = 4; lastKnownFileType = sourcecode.c.h; path = CEBaseInteractionController.h; sourceTree = "<group>"; };
		C7935C5118281C150012E021 /* CEBaseInteractionController.m */ = {isa = PBXFileReference; fileEncoding = 4; lastKnownFileType = sourcecode.c.objc; path = CEBaseInteractionController.m; sourceTree = "<group>"; };
		C7935C5218281C150012E021 /* CEHorizontalSwipeInteractionController.h */ = {isa = PBXFileReference; fileEncoding = 4; lastKnownFileType = sourcecode.c.h; path = CEHorizontalSwipeInteractionController.h; sourceTree = "<group>"; };
		C7935C5318281C150012E021 /* CEHorizontalSwipeInteractionController.m */ = {isa = PBXFileReference; fileEncoding = 4; lastKnownFileType = sourcecode.c.objc; path = CEHorizontalSwipeInteractionController.m; sourceTree = "<group>"; };
		C7935C5418281C150012E021 /* CEPinchInteractionController.h */ = {isa = PBXFileReference; fileEncoding = 4; lastKnownFileType = sourcecode.c.h; path = CEPinchInteractionController.h; sourceTree = "<group>"; };
		C7935C5518281C150012E021 /* CEPinchInteractionController.m */ = {isa = PBXFileReference; fileEncoding = 4; lastKnownFileType = sourcecode.c.objc; path = CEPinchInteractionController.m; sourceTree = "<group>"; };
		C7935C5618281C150012E021 /* CEVerticalSwipeInteractionController.h */ = {isa = PBXFileReference; fileEncoding = 4; lastKnownFileType = sourcecode.c.h; path = CEVerticalSwipeInteractionController.h; sourceTree = "<group>"; };
		C7935C5718281C150012E021 /* CEVerticalSwipeInteractionController.m */ = {isa = PBXFileReference; fileEncoding = 4; lastKnownFileType = sourcecode.c.objc; path = CEVerticalSwipeInteractionController.m; sourceTree = "<group>"; };
		C7DB1D7718218C6C009A2DCC /* CalcuDates.app */ = {isa = PBXFileReference; explicitFileType = wrapper.application; includeInIndex = 0; path = CalcuDates.app; sourceTree = BUILT_PRODUCTS_DIR; };
		C7DB1D7A18218C6C009A2DCC /* Foundation.framework */ = {isa = PBXFileReference; lastKnownFileType = wrapper.framework; name = Foundation.framework; path = System/Library/Frameworks/Foundation.framework; sourceTree = SDKROOT; };
		C7DB1D7C18218C6C009A2DCC /* CoreGraphics.framework */ = {isa = PBXFileReference; lastKnownFileType = wrapper.framework; name = CoreGraphics.framework; path = System/Library/Frameworks/CoreGraphics.framework; sourceTree = SDKROOT; };
		C7DB1D7E18218C6C009A2DCC /* UIKit.framework */ = {isa = PBXFileReference; lastKnownFileType = wrapper.framework; name = UIKit.framework; path = System/Library/Frameworks/UIKit.framework; sourceTree = SDKROOT; };
		C7DB1D8218218C6C009A2DCC /* CalcuDates-Info.plist */ = {isa = PBXFileReference; lastKnownFileType = text.plist.xml; path = "CalcuDates-Info.plist"; sourceTree = "<group>"; };
		C7DB1D8418218C6C009A2DCC /* en */ = {isa = PBXFileReference; lastKnownFileType = text.plist.strings; name = en; path = en.lproj/InfoPlist.strings; sourceTree = "<group>"; };
		C7DB1D8618218C6C009A2DCC /* main.m */ = {isa = PBXFileReference; lastKnownFileType = sourcecode.c.objc; path = main.m; sourceTree = "<group>"; };
		C7DB1D8818218C6C009A2DCC /* CalcuDates-Prefix.pch */ = {isa = PBXFileReference; lastKnownFileType = sourcecode.c.h; path = "CalcuDates-Prefix.pch"; sourceTree = "<group>"; };
		C7DB1D8918218C6C009A2DCC /* KKAppDelegate.h */ = {isa = PBXFileReference; lastKnownFileType = sourcecode.c.h; path = KKAppDelegate.h; sourceTree = "<group>"; };
		C7DB1D8A18218C6C009A2DCC /* KKAppDelegate.m */ = {isa = PBXFileReference; lastKnownFileType = sourcecode.c.objc; path = KKAppDelegate.m; sourceTree = "<group>"; };
		C7DB1D8D18218C6C009A2DCC /* Base */ = {isa = PBXFileReference; lastKnownFileType = file.storyboard; name = Base; path = Base.lproj/Main_iPhone.storyboard; sourceTree = "<group>"; };
		C7DB1D9818218C6C009A2DCC /* Images.xcassets */ = {isa = PBXFileReference; lastKnownFileType = folder.assetcatalog; path = Images.xcassets; sourceTree = "<group>"; };
		C7DB1D9E18218C6C009A2DCC /* CalcuDatesTests.xctest */ = {isa = PBXFileReference; explicitFileType = wrapper.cfbundle; includeInIndex = 0; path = CalcuDatesTests.xctest; sourceTree = BUILT_PRODUCTS_DIR; };
		C7DB1D9F18218C6C009A2DCC /* XCTest.framework */ = {isa = PBXFileReference; lastKnownFileType = wrapper.framework; name = XCTest.framework; path = Library/Frameworks/XCTest.framework; sourceTree = DEVELOPER_DIR; };
		C7DB1DA718218C6D009A2DCC /* CalcuDatesTests-Info.plist */ = {isa = PBXFileReference; lastKnownFileType = text.plist.xml; path = "CalcuDatesTests-Info.plist"; sourceTree = "<group>"; };
		C7DB1DA918218C6D009A2DCC /* en */ = {isa = PBXFileReference; lastKnownFileType = text.plist.strings; name = en; path = en.lproj/InfoPlist.strings; sourceTree = "<group>"; };
		C7DB1DAB18218C6D009A2DCC /* CalcuDatesTests.m */ = {isa = PBXFileReference; lastKnownFileType = sourcecode.c.objc; path = CalcuDatesTests.m; sourceTree = "<group>"; };
		C7DB1DB518218F25009A2DCC /* AdSupport.framework */ = {isa = PBXFileReference; lastKnownFileType = wrapper.framework; name = AdSupport.framework; path = System/Library/Frameworks/AdSupport.framework; sourceTree = SDKROOT; };
		C7DB1DB618218F25009A2DCC /* CFNetwork.framework */ = {isa = PBXFileReference; lastKnownFileType = wrapper.framework; name = CFNetwork.framework; path = System/Library/Frameworks/CFNetwork.framework; sourceTree = SDKROOT; };
		C7DB1DB718218F25009A2DCC /* EventKit.framework */ = {isa = PBXFileReference; lastKnownFileType = wrapper.framework; name = EventKit.framework; path = System/Library/Frameworks/EventKit.framework; sourceTree = SDKROOT; };
		C7DB1DB818218F25009A2DCC /* EventKitUI.framework */ = {isa = PBXFileReference; lastKnownFileType = wrapper.framework; name = EventKitUI.framework; path = System/Library/Frameworks/EventKitUI.framework; sourceTree = SDKROOT; };
		C7DB1DB918218F25009A2DCC /* QuartzCore.framework */ = {isa = PBXFileReference; lastKnownFileType = wrapper.framework; name = QuartzCore.framework; path = System/Library/Frameworks/QuartzCore.framework; sourceTree = SDKROOT; };
		C7DB1DBB18218F25009A2DCC /* SystemConfiguration.framework */ = {isa = PBXFileReference; lastKnownFileType = wrapper.framework; name = SystemConfiguration.framework; path = System/Library/Frameworks/SystemConfiguration.framework; sourceTree = SDKROOT; };
		C7DB1DC318218F56009A2DCC /* Crashlytics.framework */ = {isa = PBXFileReference; lastKnownFileType = wrapper.framework; path = Crashlytics.framework; sourceTree = "<group>"; };
		C7DB1DC418218F56009A2DCC /* RevMobAds.framework */ = {isa = PBXFileReference; lastKnownFileType = wrapper.framework; path = RevMobAds.framework; sourceTree = "<group>"; };
		C7DB1DC718219390009A2DCC /* DevNotes.devnotes */ = {isa = PBXFileReference; lastKnownFileType = text; path = DevNotes.devnotes; sourceTree = "<group>"; };
		C7F0FBD21828296200CEA23A /* AppCalendar.h */ = {isa = PBXFileReference; fileEncoding = 4; lastKnownFileType = sourcecode.c.h; name = AppCalendar.h; path = Classes/AppCalendar.h; sourceTree = "<group>"; };
		C7F0FBD31828296200CEA23A /* AppCalendar.m */ = {isa = PBXFileReference; fileEncoding = 4; lastKnownFileType = sourcecode.c.objc; name = AppCalendar.m; path = Classes/AppCalendar.m; sourceTree = "<group>"; };
		C7F0FBD71828296200CEA23A /* EventKitController.h */ = {isa = PBXFileReference; fileEncoding = 4; lastKnownFileType = sourcecode.c.h; name = EventKitController.h; path = Classes/EventKitController.h; sourceTree = "<group>"; };
		C7F0FBD81828296200CEA23A /* EventKitController.m */ = {isa = PBXFileReference; fileEncoding = 4; lastKnownFileType = sourcecode.c.objc; name = EventKitController.m; path = Classes/EventKitController.m; sourceTree = "<group>"; };
		C7F0FBD91828296200CEA23A /* MyManager.h */ = {isa = PBXFileReference; fileEncoding = 4; lastKnownFileType = sourcecode.c.h; name = MyManager.h; path = Classes/MyManager.h; sourceTree = "<group>"; };
		C7F0FBDA1828296200CEA23A /* MyManager.m */ = {isa = PBXFileReference; fileEncoding = 4; lastKnownFileType = sourcecode.c.objc; name = MyManager.m; path = Classes/MyManager.m; sourceTree = "<group>"; };
		C7F0FBE618283FF400CEA23A /* KKTimePeriodTableViewController.h */ = {isa = PBXFileReference; fileEncoding = 4; lastKnownFileType = sourcecode.c.h; name = KKTimePeriodTableViewController.h; path = "View Controllers/KKTimePeriodTableViewController.h"; sourceTree = "<group>"; };
		C7F0FBE718283FF400CEA23A /* KKTimePeriodTableViewController.m */ = {isa = PBXFileReference; fileEncoding = 4; lastKnownFileType = sourcecode.c.objc; name = KKTimePeriodTableViewController.m; path = "View Controllers/KKTimePeriodTableViewController.m"; sourceTree = "<group>"; };
		C7F0FBF218286B0200CEA23A /* KKSlightIndentTextField.h */ = {isa = PBXFileReference; fileEncoding = 4; lastKnownFileType = sourcecode.c.h; name = KKSlightIndentTextField.h; path = Classes/KKSlightIndentTextField.h; sourceTree = "<group>"; };
		C7F0FBF318286B0200CEA23A /* KKSlightIndentTextField.m */ = {isa = PBXFileReference; fileEncoding = 4; lastKnownFileType = sourcecode.c.objc; name = KKSlightIndentTextField.m; path = Classes/KKSlightIndentTextField.m; sourceTree = "<group>"; };
		C7F0FBF718286F5E00CEA23A /* KKButtonBarCell.h */ = {isa = PBXFileReference; fileEncoding = 4; lastKnownFileType = sourcecode.c.h; name = KKButtonBarCell.h; path = "Custom Table Cells/KKButtonBarCell.h"; sourceTree = "<group>"; };
		C7F0FBF818286F5E00CEA23A /* KKButtonBarCell.m */ = {isa = PBXFileReference; fileEncoding = 4; lastKnownFileType = sourcecode.c.objc; name = KKButtonBarCell.m; path = "Custom Table Cells/KKButtonBarCell.m"; sourceTree = "<group>"; };
		C7F0FBF918286F5E00CEA23A /* KKButtonBarCell.xib */ = {isa = PBXFileReference; fileEncoding = 4; lastKnownFileType = file.xib; name = KKButtonBarCell.xib; path = "Custom Table Cells/KKButtonBarCell.xib"; sourceTree = "<group>"; };
		C7F0FBFA18286F5E00CEA23A /* KKDateCell.h */ = {isa = PBXFileReference; fileEncoding = 4; lastKnownFileType = sourcecode.c.h; name = KKDateCell.h; path = "Custom Table Cells/KKDateCell.h"; sourceTree = "<group>"; };
		C7F0FBFB18286F5E00CEA23A /* KKDateCell.m */ = {isa = PBXFileReference; fileEncoding = 4; lastKnownFileType = sourcecode.c.objc; name = KKDateCell.m; path = "Custom Table Cells/KKDateCell.m"; sourceTree = "<group>"; };
		C7F0FBFC18286F5E00CEA23A /* KKDateCell.xib */ = {isa = PBXFileReference; fileEncoding = 4; lastKnownFileType = file.xib; name = KKDateCell.xib; path = "Custom Table Cells/KKDateCell.xib"; sourceTree = "<group>"; };
		C7F0FBFD18286F5E00CEA23A /* KKDateDifferencesCell.h */ = {isa = PBXFileReference; fileEncoding = 4; lastKnownFileType = sourcecode.c.h; name = KKDateDifferencesCell.h; path = "Custom Table Cells/KKDateDifferencesCell.h"; sourceTree = "<group>"; };
		C7F0FBFE18286F5E00CEA23A /* KKDateDifferencesCell.m */ = {isa = PBXFileReference; fileEncoding = 4; lastKnownFileType = sourcecode.c.objc; name = KKDateDifferencesCell.m; path = "Custom Table Cells/KKDateDifferencesCell.m"; sourceTree = "<group>"; };
		C7F0FBFF18286F5E00CEA23A /* KKDateDifferencesCell.xib */ = {isa = PBXFileReference; fileEncoding = 4; lastKnownFileType = file.xib; name = KKDateDifferencesCell.xib; path = "Custom Table Cells/KKDateDifferencesCell.xib"; sourceTree = "<group>"; };
		C7F0FC0018286F5E00CEA23A /* KKEndDateCell.h */ = {isa = PBXFileReference; fileEncoding = 4; lastKnownFileType = sourcecode.c.h; name = KKEndDateCell.h; path = "Custom Table Cells/KKEndDateCell.h"; sourceTree = "<group>"; };
		C7F0FC0118286F5E00CEA23A /* KKEndDateCell.m */ = {isa = PBXFileReference; fileEncoding = 4; lastKnownFileType = sourcecode.c.objc; name = KKEndDateCell.m; path = "Custom Table Cells/KKEndDateCell.m"; sourceTree = "<group>"; };
		C7F0FC0218286F5E00CEA23A /* KKEndDateCell.xib */ = {isa = PBXFileReference; fileEncoding = 4; lastKnownFileType = file.xib; name = KKEndDateCell.xib; path = "Custom Table Cells/KKEndDateCell.xib"; sourceTree = "<group>"; };
/* End PBXFileReference section */

/* Begin PBXFrameworksBuildPhase section */
		C7DB1D7418218C6C009A2DCC /* Frameworks */ = {
			isa = PBXFrameworksBuildPhase;
			buildActionMask = 2147483647;
			files = (
				C7DB1DC518218F56009A2DCC /* Crashlytics.framework in Frameworks */,
				C7DB1DC618218F56009A2DCC /* RevMobAds.framework in Frameworks */,
				C7DB1DC018218F25009A2DCC /* QuartzCore.framework in Frameworks */,
				C7DB1DBC18218F25009A2DCC /* AdSupport.framework in Frameworks */,
				C7DB1DBD18218F25009A2DCC /* CFNetwork.framework in Frameworks */,
				C7DB1DBE18218F25009A2DCC /* EventKit.framework in Frameworks */,
				C7DB1DBF18218F25009A2DCC /* EventKitUI.framework in Frameworks */,
				C7DB1DC218218F25009A2DCC /* SystemConfiguration.framework in Frameworks */,
				C7DB1D7D18218C6C009A2DCC /* CoreGraphics.framework in Frameworks */,
				C7DB1D7F18218C6C009A2DCC /* UIKit.framework in Frameworks */,
				C7DB1D7B18218C6C009A2DCC /* Foundation.framework in Frameworks */,
				15CF9F9EB7E345DEB53B1D0B /* libPods.a in Frameworks */,
			);
			runOnlyForDeploymentPostprocessing = 0;
		};
		C7DB1D9B18218C6C009A2DCC /* Frameworks */ = {
			isa = PBXFrameworksBuildPhase;
			buildActionMask = 2147483647;
			files = (
				C7DB1DA018218C6C009A2DCC /* XCTest.framework in Frameworks */,
				C7DB1DA218218C6C009A2DCC /* UIKit.framework in Frameworks */,
				C7DB1DA118218C6C009A2DCC /* Foundation.framework in Frameworks */,
			);
			runOnlyForDeploymentPostprocessing = 0;
		};
/* End PBXFrameworksBuildPhase section */

/* Begin PBXGroup section */
		C73D3857183169AC00AD9887 /* MHDismissModalView */ = {
			isa = PBXGroup;
			children = (
				C73D3858183169AC00AD9887 /* UIImage+ImageEffects.h */,
				C73D3859183169AC00AD9887 /* UIImage+ImageEffects.m */,
				C73D385A183169AC00AD9887 /* UINavigationController+MHDismissModalView.h */,
				C73D385B183169AC00AD9887 /* UINavigationController+MHDismissModalView.m */,
			);
			path = MHDismissModalView;
			sourceTree = "<group>";
		};
		C7935C3318240BFA0012E021 /* Animations */ = {
			isa = PBXGroup;
			children = (
				C7935C3E18281C150012E021 /* AnimationControllers */,
				C7935C4F18281C150012E021 /* InteractionControllers */,
			);
			name = Animations;
			sourceTree = "<group>";
		};
		C7935C3E18281C150012E021 /* AnimationControllers */ = {
			isa = PBXGroup;
			children = (
				C7935C3F18281C150012E021 /* CECardsAnimationController.h */,
				C7935C4018281C150012E021 /* CECardsAnimationController.m */,
				C7935C4118281C150012E021 /* CECrossfadeAnimationController.h */,
				C7935C4218281C150012E021 /* CECrossfadeAnimationController.m */,
				C7935C4318281C150012E021 /* CEExplodeAnimationController.h */,
				C7935C4418281C150012E021 /* CEExplodeAnimationController.m */,
				C7935C4518281C150012E021 /* CEFlipAnimationController.h */,
				C7935C4618281C150012E021 /* CEFlipAnimationController.m */,
				C7935C4718281C150012E021 /* CEFoldAnimationController.h */,
				C7935C4818281C150012E021 /* CEFoldAnimationController.m */,
				C7935C4918281C150012E021 /* CENatGeoAnimationController.h */,
				C7935C4A18281C150012E021 /* CENatGeoAnimationController.m */,
				C7935C4B18281C150012E021 /* CEReversibleAnimationController.h */,
				C7935C4C18281C150012E021 /* CEReversibleAnimationController.m */,
				C7935C4D18281C150012E021 /* CETurnAnimationController.h */,
				C7935C4E18281C150012E021 /* CETurnAnimationController.m */,
			);
			name = AnimationControllers;
			path = Classes/AnimationControllers;
			sourceTree = "<group>";
		};
		C7935C4F18281C150012E021 /* InteractionControllers */ = {
			isa = PBXGroup;
			children = (
				C7935C5018281C150012E021 /* CEBaseInteractionController.h */,
				C7935C5118281C150012E021 /* CEBaseInteractionController.m */,
				C7935C5218281C150012E021 /* CEHorizontalSwipeInteractionController.h */,
				C7935C5318281C150012E021 /* CEHorizontalSwipeInteractionController.m */,
				C7935C5418281C150012E021 /* CEPinchInteractionController.h */,
				C7935C5518281C150012E021 /* CEPinchInteractionController.m */,
				C7935C5618281C150012E021 /* CEVerticalSwipeInteractionController.h */,
				C7935C5718281C150012E021 /* CEVerticalSwipeInteractionController.m */,
			);
			name = InteractionControllers;
			path = Classes/InteractionControllers;
			sourceTree = "<group>";
		};
		C7939ADB18315F2300BA49B9 /* 3rd Party */ = {
			isa = PBXGroup;
			children = (
				C73D3857183169AC00AD9887 /* MHDismissModalView */,
			);
			path = "3rd Party";
			sourceTree = "<group>";
		};
		C7DB1D6E18218C6C009A2DCC = {
			isa = PBXGroup;
			children = (
				C7DB1D8018218C6C009A2DCC /* CalcuDates */,
				C7DB1DA518218C6C009A2DCC /* CalcuDatesTests */,
				C7DB1D7918218C6C009A2DCC /* Frameworks */,
				C7DB1D7818218C6C009A2DCC /* Products */,
				610CF16D12BF4A8EB588F390 /* Pods.xcconfig */,
			);
			sourceTree = "<group>";
		};
		C7DB1D7818218C6C009A2DCC /* Products */ = {
			isa = PBXGroup;
			children = (
				C7DB1D7718218C6C009A2DCC /* CalcuDates.app */,
				C7DB1D9E18218C6C009A2DCC /* CalcuDatesTests.xctest */,
			);
			name = Products;
			sourceTree = "<group>";
		};
		C7DB1D7918218C6C009A2DCC /* Frameworks */ = {
			isa = PBXGroup;
			children = (
				C7DB1DC318218F56009A2DCC /* Crashlytics.framework */,
				C7DB1DC418218F56009A2DCC /* RevMobAds.framework */,
				C7DB1DB518218F25009A2DCC /* AdSupport.framework */,
				C7DB1DB618218F25009A2DCC /* CFNetwork.framework */,
				C7DB1DB718218F25009A2DCC /* EventKit.framework */,
				C7DB1DB818218F25009A2DCC /* EventKitUI.framework */,
				C7DB1DB918218F25009A2DCC /* QuartzCore.framework */,
				C7DB1DBB18218F25009A2DCC /* SystemConfiguration.framework */,
				C7DB1D7A18218C6C009A2DCC /* Foundation.framework */,
				C7DB1D7C18218C6C009A2DCC /* CoreGraphics.framework */,
				C7DB1D7E18218C6C009A2DCC /* UIKit.framework */,
				C7DB1D9F18218C6C009A2DCC /* XCTest.framework */,
				93A21E9239314E86AEB33567 /* libPods.a */,
			);
			name = Frameworks;
			sourceTree = "<group>";
		};
		C7DB1D8018218C6C009A2DCC /* CalcuDates */ = {
			isa = PBXGroup;
			children = (
				C7DB1DC718219390009A2DCC /* DevNotes.devnotes */,
				C7DB1D8918218C6C009A2DCC /* KKAppDelegate.h */,
				C7DB1D8A18218C6C009A2DCC /* KKAppDelegate.m */,
				C7DB1DC918219636009A2DCC /* Classes */,
				C7935C3318240BFA0012E021 /* Animations */,
				C7F0FBEC182844B000CEA23A /* Custom Table Cells */,
				C7DB1DC81821961E009A2DCC /* View Controllers */,
				C7DB1DCA18219643009A2DCC /* UI Resources */,
				C7DB1D8118218C6C009A2DCC /* Supporting Files */,
			);
			path = CalcuDates;
			sourceTree = "<group>";
		};
		C7DB1D8118218C6C009A2DCC /* Supporting Files */ = {
			isa = PBXGroup;
			children = (
				C7939ADB18315F2300BA49B9 /* 3rd Party */,
				C7DB1D8218218C6C009A2DCC /* CalcuDates-Info.plist */,
				C7DB1D8318218C6C009A2DCC /* InfoPlist.strings */,
				C7DB1D8618218C6C009A2DCC /* main.m */,
				C7DB1D8818218C6C009A2DCC /* CalcuDates-Prefix.pch */,
			);
			name = "Supporting Files";
			sourceTree = "<group>";
		};
		C7DB1DA518218C6C009A2DCC /* CalcuDatesTests */ = {
			isa = PBXGroup;
			children = (
				C7DB1DAB18218C6D009A2DCC /* CalcuDatesTests.m */,
				C7DB1DA618218C6D009A2DCC /* Supporting Files */,
			);
			path = CalcuDatesTests;
			sourceTree = "<group>";
		};
		C7DB1DA618218C6D009A2DCC /* Supporting Files */ = {
			isa = PBXGroup;
			children = (
				C7DB1DA718218C6D009A2DCC /* CalcuDatesTests-Info.plist */,
				C7DB1DA818218C6D009A2DCC /* InfoPlist.strings */,
			);
			name = "Supporting Files";
			sourceTree = "<group>";
		};
		C7DB1DC81821961E009A2DCC /* View Controllers */ = {
			isa = PBXGroup;
			children = (
				C74ED59D182361F2003D137C /* KKMainViewController.h */,
				C74ED59E182361F2003D137C /* KKMainViewController.m */,
				C7935C3B1828080C0012E021 /* KKTabBarController.h */,
				C7935C3C1828080C0012E021 /* KKTabBarController.m */,
				C74ED5A01823621A003D137C /* KKNewDateTableViewController.h */,
				C74ED5A11823621A003D137C /* KKNewDateTableViewController.m */,
				C7F0FBE618283FF400CEA23A /* KKTimePeriodTableViewController.h */,
				C7F0FBE718283FF400CEA23A /* KKTimePeriodTableViewController.m */,
				C73D385E18316A6800AD9887 /* KKSettingsViewController.h */,
				C73D385F18316A6800AD9887 /* KKSettingsViewController.m */,
			);
			name = "View Controllers";
			sourceTree = "<group>";
		};
		C7DB1DC918219636009A2DCC /* Classes */ = {
			isa = PBXGroup;
			children = (
				C7F0FBF218286B0200CEA23A /* KKSlightIndentTextField.h */,
				C7F0FBF318286B0200CEA23A /* KKSlightIndentTextField.m */,
				C7F0FBD21828296200CEA23A /* AppCalendar.h */,
				C7F0FBD31828296200CEA23A /* AppCalendar.m */,
				C7F0FBD71828296200CEA23A /* EventKitController.h */,
				C7F0FBD81828296200CEA23A /* EventKitController.m */,
				C7F0FBD91828296200CEA23A /* MyManager.h */,
				C7F0FBDA1828296200CEA23A /* MyManager.m */,
				C74ED59718234E0C003D137C /* KKConstants.h */,
				C76ECE0618293CF7005E5591 /* KKMacros.h */,
			);
			name = Classes;
			sourceTree = "<group>";
		};
		C7DB1DCA18219643009A2DCC /* UI Resources */ = {
			isa = PBXGroup;
			children = (
				C7DB1D8C18218C6C009A2DCC /* Main_iPhone.storyboard */,
				C7DB1D9818218C6C009A2DCC /* Images.xcassets */,
			);
			name = "UI Resources";
			sourceTree = "<group>";
		};
		C7F0FBEC182844B000CEA23A /* Custom Table Cells */ = {
			isa = PBXGroup;
			children = (
				C76ECE0B1829A386005E5591 /* KKDatePickerCell.h */,
				C76ECE0C1829A386005E5591 /* KKDatePickerCell.m */,
				C76ECE0D1829A386005E5591 /* KKDatePickerCell.xib */,
				C7F0FBF718286F5E00CEA23A /* KKButtonBarCell.h */,
				C7F0FBF818286F5E00CEA23A /* KKButtonBarCell.m */,
				C7F0FBF918286F5E00CEA23A /* KKButtonBarCell.xib */,
				C7F0FBFA18286F5E00CEA23A /* KKDateCell.h */,
				C7F0FBFB18286F5E00CEA23A /* KKDateCell.m */,
				C7F0FBFC18286F5E00CEA23A /* KKDateCell.xib */,
				C7F0FBFD18286F5E00CEA23A /* KKDateDifferencesCell.h */,
				C7F0FBFE18286F5E00CEA23A /* KKDateDifferencesCell.m */,
				C7F0FBFF18286F5E00CEA23A /* KKDateDifferencesCell.xib */,
				C7F0FC0018286F5E00CEA23A /* KKEndDateCell.h */,
				C7F0FC0118286F5E00CEA23A /* KKEndDateCell.m */,
				C7F0FC0218286F5E00CEA23A /* KKEndDateCell.xib */,
			);
			name = "Custom Table Cells";
			sourceTree = "<group>";
		};
/* End PBXGroup section */

/* Begin PBXNativeTarget section */
		C7DB1D7618218C6C009A2DCC /* CalcuDates */ = {
			isa = PBXNativeTarget;
			buildConfigurationList = C7DB1DAF18218C6D009A2DCC /* Build configuration list for PBXNativeTarget "CalcuDates" */;
			buildPhases = (
				B691181E45F7470CAE322FF0 /* Check Pods Manifest.lock */,
				C7DB1D7318218C6C009A2DCC /* Sources */,
				C7DB1D7418218C6C009A2DCC /* Frameworks */,
				C7DB1D7518218C6C009A2DCC /* Resources */,
				8339E507075B4EE693D5FADB /* Copy Pods Resources */,
			);
			buildRules = (
			);
			dependencies = (
			);
			name = CalcuDates;
			productName = CalcuDates;
			productReference = C7DB1D7718218C6C009A2DCC /* CalcuDates.app */;
			productType = "com.apple.product-type.application";
		};
		C7DB1D9D18218C6C009A2DCC /* CalcuDatesTests */ = {
			isa = PBXNativeTarget;
			buildConfigurationList = C7DB1DB218218C6D009A2DCC /* Build configuration list for PBXNativeTarget "CalcuDatesTests" */;
			buildPhases = (
				C7DB1D9A18218C6C009A2DCC /* Sources */,
				C7DB1D9B18218C6C009A2DCC /* Frameworks */,
				C7DB1D9C18218C6C009A2DCC /* Resources */,
			);
			buildRules = (
			);
			dependencies = (
				C7DB1DA418218C6C009A2DCC /* PBXTargetDependency */,
			);
			name = CalcuDatesTests;
			productName = CalcuDatesTests;
			productReference = C7DB1D9E18218C6C009A2DCC /* CalcuDatesTests.xctest */;
			productType = "com.apple.product-type.bundle.unit-test";
		};
/* End PBXNativeTarget section */

/* Begin PBXProject section */
		C7DB1D6F18218C6C009A2DCC /* Project object */ = {
			isa = PBXProject;
			attributes = {
				CLASSPREFIX = KK;
				LastUpgradeCheck = 0500;
				ORGANIZATIONNAME = "Kerry Knight";
				TargetAttributes = {
					C7DB1D7618218C6C009A2DCC = {
						DevelopmentTeam = 2FXS3J8N9C;
						SystemCapabilities = {
							com.apple.InAppPurchase = {
								enabled = 0;
							};
						};
					};
					C7DB1D9D18218C6C009A2DCC = {
						TestTargetID = C7DB1D7618218C6C009A2DCC;
					};
				};
			};
			buildConfigurationList = C7DB1D7218218C6C009A2DCC /* Build configuration list for PBXProject "CalcuDates" */;
			compatibilityVersion = "Xcode 3.2";
			developmentRegion = English;
			hasScannedForEncodings = 0;
			knownRegions = (
				en,
				Base,
			);
			mainGroup = C7DB1D6E18218C6C009A2DCC;
			productRefGroup = C7DB1D7818218C6C009A2DCC /* Products */;
			projectDirPath = "";
			projectRoot = "";
			targets = (
				C7DB1D7618218C6C009A2DCC /* CalcuDates */,
				C7DB1D9D18218C6C009A2DCC /* CalcuDatesTests */,
			);
		};
/* End PBXProject section */

/* Begin PBXResourcesBuildPhase section */
		C7DB1D7518218C6C009A2DCC /* Resources */ = {
			isa = PBXResourcesBuildPhase;
			buildActionMask = 2147483647;
			files = (
				C7DB1D9918218C6C009A2DCC /* Images.xcassets in Resources */,
				C7DB1D8E18218C6C009A2DCC /* Main_iPhone.storyboard in Resources */,
				C7F0FC0818286F5E00CEA23A /* KKDateDifferencesCell.xib in Resources */,
				C7F0FC0A18286F5E00CEA23A /* KKEndDateCell.xib in Resources */,
				C7DB1D8518218C6C009A2DCC /* InfoPlist.strings in Resources */,
				C7F0FC0418286F5E00CEA23A /* KKButtonBarCell.xib in Resources */,
				C7F0FC0618286F5E00CEA23A /* KKDateCell.xib in Resources */,
				C76ECE0F1829A386005E5591 /* KKDatePickerCell.xib in Resources */,
			);
			runOnlyForDeploymentPostprocessing = 0;
		};
		C7DB1D9C18218C6C009A2DCC /* Resources */ = {
			isa = PBXResourcesBuildPhase;
			buildActionMask = 2147483647;
			files = (
				C7DB1DAA18218C6D009A2DCC /* InfoPlist.strings in Resources */,
			);
			runOnlyForDeploymentPostprocessing = 0;
		};
/* End PBXResourcesBuildPhase section */

/* Begin PBXShellScriptBuildPhase section */
		8339E507075B4EE693D5FADB /* Copy Pods Resources */ = {
			isa = PBXShellScriptBuildPhase;
			buildActionMask = 2147483647;
			files = (
			);
			inputPaths = (
			);
			name = "Copy Pods Resources";
			outputPaths = (
			);
			runOnlyForDeploymentPostprocessing = 0;
			shellPath = /bin/sh;
			shellScript = "\"${SRCROOT}/Pods/Pods-resources.sh\"\n";
			showEnvVarsInLog = 0;
		};
		B691181E45F7470CAE322FF0 /* Check Pods Manifest.lock */ = {
			isa = PBXShellScriptBuildPhase;
			buildActionMask = 2147483647;
			files = (
			);
			inputPaths = (
			);
			name = "Check Pods Manifest.lock";
			outputPaths = (
			);
			runOnlyForDeploymentPostprocessing = 0;
			shellPath = /bin/sh;
			shellScript = "diff \"${PODS_ROOT}/../Podfile.lock\" \"${PODS_ROOT}/Manifest.lock\" > /dev/null\nif [[ $? != 0 ]] ; then\n    cat << EOM\nerror: The sandbox is not in sync with the Podfile.lock. Run 'pod install' or update your CocoaPods installation.\nEOM\n    exit 1\nfi\n";
			showEnvVarsInLog = 0;
		};
/* End PBXShellScriptBuildPhase section */

/* Begin PBXSourcesBuildPhase section */
		C7DB1D7318218C6C009A2DCC /* Sources */ = {
			isa = PBXSourcesBuildPhase;
			buildActionMask = 2147483647;
			files = (
				C7F0FC0318286F5E00CEA23A /* KKButtonBarCell.m in Sources */,
				C7935C6218281C150012E021 /* CEPinchInteractionController.m in Sources */,
				C7DB1D8B18218C6C009A2DCC /* KKAppDelegate.m in Sources */,
				C7935C6118281C150012E021 /* CEHorizontalSwipeInteractionController.m in Sources */,
				C73D385D183169AC00AD9887 /* UINavigationController+MHDismissModalView.m in Sources */,
				C7F0FC0918286F5E00CEA23A /* KKEndDateCell.m in Sources */,
				C73D386018316A6800AD9887 /* KKSettingsViewController.m in Sources */,
				C7F0FBE818283FF400CEA23A /* KKTimePeriodTableViewController.m in Sources */,
				C7935C5C18281C150012E021 /* CEFoldAnimationController.m in Sources */,
				C7935C5918281C150012E021 /* CECrossfadeAnimationController.m in Sources */,
				C7935C5818281C150012E021 /* CECardsAnimationController.m in Sources */,
				C76ECE0E1829A386005E5591 /* KKDatePickerCell.m in Sources */,
				C7935C5F18281C150012E021 /* CETurnAnimationController.m in Sources */,
				C74ED5A21823621A003D137C /* KKNewDateTableViewController.m in Sources */,
				C7935C6018281C150012E021 /* CEBaseInteractionController.m in Sources */,
				C7935C5E18281C150012E021 /* CEReversibleAnimationController.m in Sources */,
				C7F0FBDF1828296200CEA23A /* AppCalendar.m in Sources */,
				C73D385C183169AC00AD9887 /* UIImage+ImageEffects.m in Sources */,
				C7F0FC0518286F5E00CEA23A /* KKDateCell.m in Sources */,
				C7935C6318281C150012E021 /* CEVerticalSwipeInteractionController.m in Sources */,
				C7935C5D18281C150012E021 /* CENatGeoAnimationController.m in Sources */,
				C7F0FBE31828296200CEA23A /* MyManager.m in Sources */,
				C7F0FBE21828296200CEA23A /* EventKitController.m in Sources */,
				C7DB1D8718218C6C009A2DCC /* main.m in Sources */,
				C7935C3D1828080C0012E021 /* KKTabBarController.m in Sources */,
				C7F0FC0718286F5E00CEA23A /* KKDateDifferencesCell.m in Sources */,
				C7F0FBF418286B0200CEA23A /* KKSlightIndentTextField.m in Sources */,
				C74ED59F182361F2003D137C /* KKMainViewController.m in Sources */,
				C7935C5A18281C150012E021 /* CEExplodeAnimationController.m in Sources */,
				C7935C5B18281C150012E021 /* CEFlipAnimationController.m in Sources */,
			);
			runOnlyForDeploymentPostprocessing = 0;
		};
		C7DB1D9A18218C6C009A2DCC /* Sources */ = {
			isa = PBXSourcesBuildPhase;
			buildActionMask = 2147483647;
			files = (
				C7DB1DAC18218C6D009A2DCC /* CalcuDatesTests.m in Sources */,
			);
			runOnlyForDeploymentPostprocessing = 0;
		};
/* End PBXSourcesBuildPhase section */

/* Begin PBXTargetDependency section */
		C7DB1DA418218C6C009A2DCC /* PBXTargetDependency */ = {
			isa = PBXTargetDependency;
			target = C7DB1D7618218C6C009A2DCC /* CalcuDates */;
			targetProxy = C7DB1DA318218C6C009A2DCC /* PBXContainerItemProxy */;
		};
/* End PBXTargetDependency section */

/* Begin PBXVariantGroup section */
		C7DB1D8318218C6C009A2DCC /* InfoPlist.strings */ = {
			isa = PBXVariantGroup;
			children = (
				C7DB1D8418218C6C009A2DCC /* en */,
			);
			name = InfoPlist.strings;
			sourceTree = "<group>";
		};
		C7DB1D8C18218C6C009A2DCC /* Main_iPhone.storyboard */ = {
			isa = PBXVariantGroup;
			children = (
				C7DB1D8D18218C6C009A2DCC /* Base */,
			);
			name = Main_iPhone.storyboard;
			sourceTree = "<group>";
		};
		C7DB1DA818218C6D009A2DCC /* InfoPlist.strings */ = {
			isa = PBXVariantGroup;
			children = (
				C7DB1DA918218C6D009A2DCC /* en */,
			);
			name = InfoPlist.strings;
			sourceTree = "<group>";
		};
/* End PBXVariantGroup section */

/* Begin XCBuildConfiguration section */
		C7DB1DAD18218C6D009A2DCC /* Debug */ = {
			isa = XCBuildConfiguration;
			buildSettings = {
				ALWAYS_SEARCH_USER_PATHS = NO;
				ARCHS = "$(ARCHS_STANDARD_INCLUDING_64_BIT)";
				CLANG_CXX_LANGUAGE_STANDARD = "gnu++0x";
				CLANG_CXX_LIBRARY = "libc++";
				CLANG_ENABLE_MODULES = YES;
				CLANG_ENABLE_OBJC_ARC = YES;
				CLANG_WARN_BOOL_CONVERSION = YES;
				CLANG_WARN_CONSTANT_CONVERSION = YES;
				CLANG_WARN_DIRECT_OBJC_ISA_USAGE = YES_ERROR;
				CLANG_WARN_EMPTY_BODY = YES;
				CLANG_WARN_ENUM_CONVERSION = YES;
				CLANG_WARN_INT_CONVERSION = YES;
				CLANG_WARN_OBJC_ROOT_CLASS = YES_ERROR;
				CLANG_WARN__DUPLICATE_METHOD_MATCH = YES;
				CODE_SIGN_IDENTITY = "iPhone Developer: Kerry Knight (98MP6F7M6L)";
				COPY_PHASE_STRIP = NO;
				FRAMEWORK_SEARCH_PATHS = "\"$(SRCROOT)\"";
				GCC_C_LANGUAGE_STANDARD = gnu99;
				GCC_DYNAMIC_NO_PIC = NO;
				GCC_OPTIMIZATION_LEVEL = 0;
				GCC_PREPROCESSOR_DEFINITIONS = (
					"DEBUG=1",
					"$(inherited)",
				);
				GCC_SYMBOLS_PRIVATE_EXTERN = NO;
				GCC_WARN_64_TO_32_BIT_CONVERSION = YES;
				GCC_WARN_ABOUT_RETURN_TYPE = YES_ERROR;
				GCC_WARN_UNDECLARED_SELECTOR = YES;
				GCC_WARN_UNINITIALIZED_AUTOS = YES;
				GCC_WARN_UNUSED_FUNCTION = YES;
				GCC_WARN_UNUSED_VARIABLE = YES;
				HEADER_SEARCH_PATHS = (
					"$(inherited)",
					/Applications/Xcode.app/Contents/Developer/Toolchains/XcodeDefault.xctoolchain/usr/include,
					"${PODS_ROOT}",
					"${HEADERS_SEARCH_PATHS}",
				);
				IPHONEOS_DEPLOYMENT_TARGET = 7.0;
				ONLY_ACTIVE_ARCH = YES;
				PROVISIONING_PROFILE = "3018588A-9B16-461D-BA3D-01FFB3405D58";
				SDKROOT = iphoneos;
				TARGETED_DEVICE_FAMILY = 1;
			};
			name = Debug;
		};
		C7DB1DAE18218C6D009A2DCC /* Release */ = {
			isa = XCBuildConfiguration;
			buildSettings = {
				ALWAYS_SEARCH_USER_PATHS = NO;
				ARCHS = "$(ARCHS_STANDARD_INCLUDING_64_BIT)";
				CLANG_CXX_LANGUAGE_STANDARD = "gnu++0x";
				CLANG_CXX_LIBRARY = "libc++";
				CLANG_ENABLE_MODULES = YES;
				CLANG_ENABLE_OBJC_ARC = YES;
				CLANG_WARN_BOOL_CONVERSION = YES;
				CLANG_WARN_CONSTANT_CONVERSION = YES;
				CLANG_WARN_DIRECT_OBJC_ISA_USAGE = YES_ERROR;
				CLANG_WARN_EMPTY_BODY = YES;
				CLANG_WARN_ENUM_CONVERSION = YES;
				CLANG_WARN_INT_CONVERSION = YES;
				CLANG_WARN_OBJC_ROOT_CLASS = YES_ERROR;
				CLANG_WARN__DUPLICATE_METHOD_MATCH = YES;
				CODE_SIGN_IDENTITY = "iPhone Developer: Kerry Knight (98MP6F7M6L)";
				COPY_PHASE_STRIP = YES;
				ENABLE_NS_ASSERTIONS = NO;
				FRAMEWORK_SEARCH_PATHS = "\"$(SRCROOT)\"";
				GCC_C_LANGUAGE_STANDARD = gnu99;
				GCC_WARN_64_TO_32_BIT_CONVERSION = YES;
				GCC_WARN_ABOUT_RETURN_TYPE = YES_ERROR;
				GCC_WARN_UNDECLARED_SELECTOR = YES;
				GCC_WARN_UNINITIALIZED_AUTOS = YES;
				GCC_WARN_UNUSED_FUNCTION = YES;
				GCC_WARN_UNUSED_VARIABLE = YES;
				HEADER_SEARCH_PATHS = (
					"$(inherited)",
					/Applications/Xcode.app/Contents/Developer/Toolchains/XcodeDefault.xctoolchain/usr/include,
					"${PODS_ROOT}",
					"${HEADERS_SEARCH_PATHS}",
				);
				IPHONEOS_DEPLOYMENT_TARGET = 7.0;
				ONLY_ACTIVE_ARCH = NO;
				OTHER_CFLAGS = "-DNS_BLOCK_ASSERTIONS=1";
				PROVISIONING_PROFILE = "3018588A-9B16-461D-BA3D-01FFB3405D58";
				SDKROOT = iphoneos;
				TARGETED_DEVICE_FAMILY = 1;
				VALIDATE_PRODUCT = YES;
			};
			name = Release;
		};
		C7DB1DB018218C6D009A2DCC /* Debug */ = {
			isa = XCBuildConfiguration;
			baseConfigurationReference = 610CF16D12BF4A8EB588F390 /* Pods.xcconfig */;
			buildSettings = {
				ASSETCATALOG_COMPILER_APPICON_NAME = AppIcon;
				ASSETCATALOG_COMPILER_LAUNCHIMAGE_NAME = LaunchImage;
				CODE_SIGN_IDENTITY = "iPhone Developer: Kerry Knight (98MP6F7M6L)";
				FRAMEWORK_SEARCH_PATHS = (
					"$(inherited)",
					/Users/Kerry/Desktop/Kerry_Apps/CalcuDates/CalcuDates_v2,
				);
				GCC_PRECOMPILE_PREFIX_HEADER = YES;
				GCC_PREFIX_HEADER = "CalcuDates/CalcuDates-Prefix.pch";
				INFOPLIST_FILE = "CalcuDates/CalcuDates-Info.plist";
				PRODUCT_NAME = "$(TARGET_NAME)";
				PROVISIONING_PROFILE = "";
				TARGETED_DEVICE_FAMILY = 1;
				WRAPPER_EXTENSION = app;
			};
			name = Debug;
		};
		C7DB1DB118218C6D009A2DCC /* Release */ = {
			isa = XCBuildConfiguration;
			baseConfigurationReference = 610CF16D12BF4A8EB588F390 /* Pods.xcconfig */;
			buildSettings = {
				ASSETCATALOG_COMPILER_APPICON_NAME = AppIcon;
				ASSETCATALOG_COMPILER_LAUNCHIMAGE_NAME = LaunchImage;
				CODE_SIGN_IDENTITY = "iPhone Developer: Kerry Knight (98MP6F7M6L)";
				FRAMEWORK_SEARCH_PATHS = (
					"$(inherited)",
					/Users/Kerry/Desktop/Kerry_Apps/CalcuDates/CalcuDates_v2,
				);
				GCC_PRECOMPILE_PREFIX_HEADER = YES;
				GCC_PREFIX_HEADER = "CalcuDates/CalcuDates-Prefix.pch";
				INFOPLIST_FILE = "CalcuDates/CalcuDates-Info.plist";
				PRODUCT_NAME = "$(TARGET_NAME)";
				PROVISIONING_PROFILE = "";
				TARGETED_DEVICE_FAMILY = 1;
				WRAPPER_EXTENSION = app;
			};
			name = Release;
		};
		C7DB1DB318218C6D009A2DCC /* Debug */ = {
			isa = XCBuildConfiguration;
			baseConfigurationReference = 610CF16D12BF4A8EB588F390 /* Pods.xcconfig */;
			buildSettings = {
				ARCHS = "$(ARCHS_STANDARD_INCLUDING_64_BIT)";
				BUNDLE_LOADER = "$(BUILT_PRODUCTS_DIR)/CalcuDates.app/CalcuDates";
				FRAMEWORK_SEARCH_PATHS = (
					"$(SDKROOT)/Developer/Library/Frameworks",
					"$(inherited)",
					"$(DEVELOPER_FRAMEWORKS_DIR)",
				);
				GCC_PRECOMPILE_PREFIX_HEADER = YES;
				GCC_PREFIX_HEADER = "CalcuDates/CalcuDates-Prefix.pch";
				GCC_PREPROCESSOR_DEFINITIONS = (
					"DEBUG=1",
					"$(inherited)",
				);
				INFOPLIST_FILE = "CalcuDatesTests/CalcuDatesTests-Info.plist";
				PRODUCT_NAME = "$(TARGET_NAME)";
				TEST_HOST = "$(BUNDLE_LOADER)";
				WRAPPER_EXTENSION = xctest;
			};
			name = Debug;
		};
		C7DB1DB418218C6D009A2DCC /* Release */ = {
			isa = XCBuildConfiguration;
			baseConfigurationReference = 610CF16D12BF4A8EB588F390 /* Pods.xcconfig */;
			buildSettings = {
				ARCHS = "$(ARCHS_STANDARD_INCLUDING_64_BIT)";
				BUNDLE_LOADER = "$(BUILT_PRODUCTS_DIR)/CalcuDates.app/CalcuDates";
				FRAMEWORK_SEARCH_PATHS = (
					"$(SDKROOT)/Developer/Library/Frameworks",
					"$(inherited)",
					"$(DEVELOPER_FRAMEWORKS_DIR)",
				);
				GCC_PRECOMPILE_PREFIX_HEADER = YES;
				GCC_PREFIX_HEADER = "CalcuDates/CalcuDates-Prefix.pch";
				INFOPLIST_FILE = "CalcuDatesTests/CalcuDatesTests-Info.plist";
				PRODUCT_NAME = "$(TARGET_NAME)";
				TEST_HOST = "$(BUNDLE_LOADER)";
				WRAPPER_EXTENSION = xctest;
			};
			name = Release;
		};
/* End XCBuildConfiguration section */

/* Begin XCConfigurationList section */
		C7DB1D7218218C6C009A2DCC /* Build configuration list for PBXProject "CalcuDates" */ = {
			isa = XCConfigurationList;
			buildConfigurations = (
				C7DB1DAD18218C6D009A2DCC /* Debug */,
				C7DB1DAE18218C6D009A2DCC /* Release */,
			);
			defaultConfigurationIsVisible = 0;
			defaultConfigurationName = Release;
		};
		C7DB1DAF18218C6D009A2DCC /* Build configuration list for PBXNativeTarget "CalcuDates" */ = {
			isa = XCConfigurationList;
			buildConfigurations = (
				C7DB1DB018218C6D009A2DCC /* Debug */,
				C7DB1DB118218C6D009A2DCC /* Release */,
			);
			defaultConfigurationIsVisible = 0;
			defaultConfigurationName = Release;
		};
		C7DB1DB218218C6D009A2DCC /* Build configuration list for PBXNativeTarget "CalcuDatesTests" */ = {
			isa = XCConfigurationList;
			buildConfigurations = (
				C7DB1DB318218C6D009A2DCC /* Debug */,
				C7DB1DB418218C6D009A2DCC /* Release */,
			);
			defaultConfigurationIsVisible = 0;
			defaultConfigurationName = Release;
		};
/* End XCConfigurationList section */
	};
	rootObject = C7DB1D6F18218C6C009A2DCC /* Project object */;
}
