// !$*UTF8*$!
{
	archiveVersion = 1;
	classes = {
	};
	objectVersion = 46;
	objects = {

/* Begin PBXBuildFile section */
		15CF9F9EB7E345DEB53B1D0B /* libPods.a in Frameworks */ = {isa = PBXBuildFile; fileRef = 93A21E9239314E86AEB33567 /* libPods.a */; };
		C70F57A51843E76100C22F0A /* KKDateManager.m in Sources */ = {isa = PBXBuildFile; fileRef = C70F57A41843E76100C22F0A /* KKDateManager.m */; };
		C70F57A71843EBF200C22F0A /* KKDateManagerTests.m in Sources */ = {isa = PBXBuildFile; fileRef = C70F57A61843EBF200C22F0A /* KKDateManagerTests.m */; };
		C70F57AD1844025500C22F0A /* KKNewDateTableViewController.m in Sources */ = {isa = PBXBuildFile; fileRef = C70F57AC1844025500C22F0A /* KKNewDateTableViewController.m */; };
		C70F57B61844075800C22F0A /* KKCalculatedEndDateCell.m in Sources */ = {isa = PBXBuildFile; fileRef = C70F57B41844075800C22F0A /* KKCalculatedEndDateCell.m */; };
		C70F57B71844075800C22F0A /* KKCalculatedEndDateCell.xib in Resources */ = {isa = PBXBuildFile; fileRef = C70F57B51844075800C22F0A /* KKCalculatedEndDateCell.xib */; };
		C70F57BB184415FA00C22F0A /* KKDurationEntryCell.m in Sources */ = {isa = PBXBuildFile; fileRef = C70F57B9184415FA00C22F0A /* KKDurationEntryCell.m */; };
		C70F57BC184415FA00C22F0A /* KKDurationEntryCell.xib in Resources */ = {isa = PBXBuildFile; fileRef = C70F57BA184415FA00C22F0A /* KKDurationEntryCell.xib */; };
		C72002E2183ACF1200B39261 /* Main_iPhone.storyboard in Resources */ = {isa = PBXBuildFile; fileRef = C7DB1D8C18218C6C009A2DCC /* Main_iPhone.storyboard */; };
		C722F507183D470900770D8F /* KKMainViewController+TestingExtensions.m in Sources */ = {isa = PBXBuildFile; fileRef = C722F506183D470900770D8F /* KKMainViewController+TestingExtensions.m */; };
		C73D386018316A6800AD9887 /* KKSettingsViewController.m in Sources */ = {isa = PBXBuildFile; fileRef = C73D385F18316A6800AD9887 /* KKSettingsViewController.m */; };
		C74ED59F182361F2003D137C /* KKMainViewController.m in Sources */ = {isa = PBXBuildFile; fileRef = C74ED59E182361F2003D137C /* KKMainViewController.m */; };
		C7554CE9184D48500047AED1 /* KKNewDateTableViewControllerTests.m in Sources */ = {isa = PBXBuildFile; fileRef = C7554CE8184D48500047AED1 /* KKNewDateTableViewControllerTests.m */; };
		C76ECE0E1829A386005E5591 /* KKDatePickerCell.m in Sources */ = {isa = PBXBuildFile; fileRef = C76ECE0C1829A386005E5591 /* KKDatePickerCell.m */; };
		C76ECE0F1829A386005E5591 /* KKDatePickerCell.xib in Resources */ = {isa = PBXBuildFile; fileRef = C76ECE0D1829A386005E5591 /* KKDatePickerCell.xib */; };
		C78DA0AA184B04C2002DD772 /* UIImage+ImageEffects.m in Sources */ = {isa = PBXBuildFile; fileRef = C73D3859183169AC00AD9887 /* UIImage+ImageEffects.m */; };
		C78DA0B6184BAA04002DD772 /* KKEventKitController.m in Sources */ = {isa = PBXBuildFile; fileRef = C78DA0B2184BA55E002DD772 /* KKEventKitController.m */; };
		C78DA0B7184BAA07002DD772 /* EventKitController.m in Sources */ = {isa = PBXBuildFile; fileRef = C78DA0B0184BA55E002DD772 /* EventKitController.m */; };
		C78DA0C2184BD3B8002DD772 /* RevMobAds.framework in Frameworks */ = {isa = PBXBuildFile; fileRef = C78DA0C1184BD3B7002DD772 /* RevMobAds.framework */; };
		C7935C3D1828080C0012E021 /* KKTabBarController.m in Sources */ = {isa = PBXBuildFile; fileRef = C7935C3C1828080C0012E021 /* KKTabBarController.m */; };
		C7935C5818281C150012E021 /* CECardsAnimationController.m in Sources */ = {isa = PBXBuildFile; fileRef = C7935C4018281C150012E021 /* CECardsAnimationController.m */; };
		C7935C5918281C150012E021 /* CECrossfadeAnimationController.m in Sources */ = {isa = PBXBuildFile; fileRef = C7935C4218281C150012E021 /* CECrossfadeAnimationController.m */; };
		C7935C5A18281C150012E021 /* CEExplodeAnimationController.m in Sources */ = {isa = PBXBuildFile; fileRef = C7935C4418281C150012E021 /* CEExplodeAnimationController.m */; };
		C7935C5B18281C150012E021 /* CEFlipAnimationController.m in Sources */ = {isa = PBXBuildFile; fileRef = C7935C4618281C150012E021 /* CEFlipAnimationController.m */; };
		C7935C5C18281C150012E021 /* CEFoldAnimationController.m in Sources */ = {isa = PBXBuildFile; fileRef = C7935C4818281C150012E021 /* CEFoldAnimationController.m */; };
		C7935C5D18281C150012E021 /* CENatGeoAnimationController.m in Sources */ = {isa = PBXBuildFile; fileRef = C7935C4A18281C150012E021 /* CENatGeoAnimationController.m */; };
		C7935C5E18281C150012E021 /* CEReversibleAnimationController.m in Sources */ = {isa = PBXBuildFile; fileRef = C7935C4C18281C150012E021 /* CEReversibleAnimationController.m */; };
		C7935C5F18281C150012E021 /* CETurnAnimationController.m in Sources */ = {isa = PBXBuildFile; fileRef = C7935C4E18281C150012E021 /* CETurnAnimationController.m */; };
		C7935C6018281C150012E021 /* CEBaseInteractionController.m in Sources */ = {isa = PBXBuildFile; fileRef = C7935C5118281C150012E021 /* CEBaseInteractionController.m */; };
		C7935C6118281C150012E021 /* CEHorizontalSwipeInteractionController.m in Sources */ = {isa = PBXBuildFile; fileRef = C7935C5318281C150012E021 /* CEHorizontalSwipeInteractionController.m */; };
		C7935C6218281C150012E021 /* CEPinchInteractionController.m in Sources */ = {isa = PBXBuildFile; fileRef = C7935C5518281C150012E021 /* CEPinchInteractionController.m */; };
		C7935C6318281C150012E021 /* CEVerticalSwipeInteractionController.m in Sources */ = {isa = PBXBuildFile; fileRef = C7935C5718281C150012E021 /* CEVerticalSwipeInteractionController.m */; };
		C79E9D52184DABAE007F82FC /* Crashlytics.framework in Frameworks */ = {isa = PBXBuildFile; fileRef = C79E9D51184DABAE007F82FC /* Crashlytics.framework */; };
		C7C364C8184DA0E400F5C723 /* Appirater.m in Sources */ = {isa = PBXBuildFile; fileRef = C7C36469184DA0E400F5C723 /* Appirater.m */; };
		C7C364C9184DA0E400F5C723 /* AppiraterLocalizable.strings in Resources */ = {isa = PBXBuildFile; fileRef = C7C3646C184DA0E400F5C723 /* AppiraterLocalizable.strings */; };
		C7C364CA184DA0E400F5C723 /* AppiraterLocalizable.strings in Resources */ = {isa = PBXBuildFile; fileRef = C7C3646F184DA0E400F5C723 /* AppiraterLocalizable.strings */; };
		C7C364CB184DA0E400F5C723 /* AppiraterLocalizable.strings in Resources */ = {isa = PBXBuildFile; fileRef = C7C36472184DA0E400F5C723 /* AppiraterLocalizable.strings */; };
		C7C364CC184DA0E400F5C723 /* AppiraterLocalizable.strings in Resources */ = {isa = PBXBuildFile; fileRef = C7C36475184DA0E400F5C723 /* AppiraterLocalizable.strings */; };
		C7C364CD184DA0E400F5C723 /* AppiraterLocalizable.strings in Resources */ = {isa = PBXBuildFile; fileRef = C7C36478184DA0E400F5C723 /* AppiraterLocalizable.strings */; };
		C7C364CE184DA0E400F5C723 /* AppiraterLocalizable.strings in Resources */ = {isa = PBXBuildFile; fileRef = C7C3647B184DA0E400F5C723 /* AppiraterLocalizable.strings */; };
		C7C364CF184DA0E400F5C723 /* AppiraterLocalizable.strings in Resources */ = {isa = PBXBuildFile; fileRef = C7C3647E184DA0E400F5C723 /* AppiraterLocalizable.strings */; };
		C7C364D0184DA0E400F5C723 /* AppiraterLocalizable.strings in Resources */ = {isa = PBXBuildFile; fileRef = C7C36481184DA0E400F5C723 /* AppiraterLocalizable.strings */; };
		C7C364D1184DA0E400F5C723 /* AppiraterLocalizable.strings in Resources */ = {isa = PBXBuildFile; fileRef = C7C36484184DA0E400F5C723 /* AppiraterLocalizable.strings */; };
		C7C364D2184DA0E400F5C723 /* AppiraterLocalizable.strings in Resources */ = {isa = PBXBuildFile; fileRef = C7C36487184DA0E400F5C723 /* AppiraterLocalizable.strings */; };
		C7C364D3184DA0E400F5C723 /* AppiraterLocalizable.strings in Resources */ = {isa = PBXBuildFile; fileRef = C7C3648A184DA0E400F5C723 /* AppiraterLocalizable.strings */; };
		C7C364D4184DA0E400F5C723 /* AppiraterLocalizable.strings in Resources */ = {isa = PBXBuildFile; fileRef = C7C3648D184DA0E400F5C723 /* AppiraterLocalizable.strings */; };
		C7C364D5184DA0E400F5C723 /* AppiraterLocalizable.strings in Resources */ = {isa = PBXBuildFile; fileRef = C7C36490184DA0E400F5C723 /* AppiraterLocalizable.strings */; };
		C7C364D6184DA0E400F5C723 /* AppiraterLocalizable.strings in Resources */ = {isa = PBXBuildFile; fileRef = C7C36493184DA0E400F5C723 /* AppiraterLocalizable.strings */; };
		C7C364D7184DA0E400F5C723 /* AppiraterLocalizable.strings in Resources */ = {isa = PBXBuildFile; fileRef = C7C36496184DA0E400F5C723 /* AppiraterLocalizable.strings */; };
		C7C364D8184DA0E400F5C723 /* AppiraterLocalizable.strings in Resources */ = {isa = PBXBuildFile; fileRef = C7C36499184DA0E400F5C723 /* AppiraterLocalizable.strings */; };
		C7C364D9184DA0E400F5C723 /* AppiraterLocalizable.strings in Resources */ = {isa = PBXBuildFile; fileRef = C7C3649C184DA0E400F5C723 /* AppiraterLocalizable.strings */; };
		C7C364DA184DA0E400F5C723 /* AppiraterLocalizable.strings in Resources */ = {isa = PBXBuildFile; fileRef = C7C3649F184DA0E400F5C723 /* AppiraterLocalizable.strings */; };
		C7C364DB184DA0E400F5C723 /* AppiraterLocalizable.strings in Resources */ = {isa = PBXBuildFile; fileRef = C7C364A2184DA0E400F5C723 /* AppiraterLocalizable.strings */; };
		C7C364DC184DA0E400F5C723 /* AppiraterLocalizable.strings in Resources */ = {isa = PBXBuildFile; fileRef = C7C364A5184DA0E400F5C723 /* AppiraterLocalizable.strings */; };
		C7C364DD184DA0E400F5C723 /* AppiraterLocalizable.strings in Resources */ = {isa = PBXBuildFile; fileRef = C7C364A8184DA0E400F5C723 /* AppiraterLocalizable.strings */; };
		C7C364DE184DA0E400F5C723 /* AppiraterLocalizable.strings in Resources */ = {isa = PBXBuildFile; fileRef = C7C364AB184DA0E400F5C723 /* AppiraterLocalizable.strings */; };
		C7C364DF184DA0E400F5C723 /* AppiraterLocalizable.strings in Resources */ = {isa = PBXBuildFile; fileRef = C7C364AE184DA0E400F5C723 /* AppiraterLocalizable.strings */; };
		C7C364E0184DA0E400F5C723 /* AppiraterLocalizable.strings in Resources */ = {isa = PBXBuildFile; fileRef = C7C364B1184DA0E400F5C723 /* AppiraterLocalizable.strings */; };
		C7C364E1184DA0E400F5C723 /* AppiraterLocalizable.strings in Resources */ = {isa = PBXBuildFile; fileRef = C7C364B4184DA0E400F5C723 /* AppiraterLocalizable.strings */; };
		C7C364E2184DA0E400F5C723 /* AppiraterLocalizable.strings in Resources */ = {isa = PBXBuildFile; fileRef = C7C364B7184DA0E400F5C723 /* AppiraterLocalizable.strings */; };
		C7C364E3184DA0E400F5C723 /* AppiraterLocalizable.strings in Resources */ = {isa = PBXBuildFile; fileRef = C7C364BA184DA0E400F5C723 /* AppiraterLocalizable.strings */; };
		C7C364E4184DA0E400F5C723 /* AppiraterLocalizable.strings in Resources */ = {isa = PBXBuildFile; fileRef = C7C364BD184DA0E400F5C723 /* AppiraterLocalizable.strings */; };
		C7C364E5184DA0E400F5C723 /* AppiraterLocalizable.strings in Resources */ = {isa = PBXBuildFile; fileRef = C7C364C0184DA0E400F5C723 /* AppiraterLocalizable.strings */; };
		C7C364E6184DA0E400F5C723 /* AppiraterLocalizable.strings in Resources */ = {isa = PBXBuildFile; fileRef = C7C364C3184DA0E400F5C723 /* AppiraterLocalizable.strings */; };
		C7C364E7184DA0E400F5C723 /* AppiraterLocalizable.strings in Resources */ = {isa = PBXBuildFile; fileRef = C7C364C6184DA0E400F5C723 /* AppiraterLocalizable.strings */; };
		C7C364E9184DA14200F5C723 /* StoreKit.framework in Frameworks */ = {isa = PBXBuildFile; fileRef = C7C364E8184DA14200F5C723 /* StoreKit.framework */; };
		C7C94B41183C16A500C626D9 /* KKTabBarControllerTests.m in Sources */ = {isa = PBXBuildFile; fileRef = C7C94B40183C16A500C626D9 /* KKTabBarControllerTests.m */; };
		C7C94B43183C1D9A00C626D9 /* KKSettingsViewControllerTests.m in Sources */ = {isa = PBXBuildFile; fileRef = C7C94B42183C1D9A00C626D9 /* KKSettingsViewControllerTests.m */; };
		C7DB1D7B18218C6C009A2DCC /* Foundation.framework in Frameworks */ = {isa = PBXBuildFile; fileRef = C7DB1D7A18218C6C009A2DCC /* Foundation.framework */; };
		C7DB1D7D18218C6C009A2DCC /* CoreGraphics.framework in Frameworks */ = {isa = PBXBuildFile; fileRef = C7DB1D7C18218C6C009A2DCC /* CoreGraphics.framework */; };
		C7DB1D7F18218C6C009A2DCC /* UIKit.framework in Frameworks */ = {isa = PBXBuildFile; fileRef = C7DB1D7E18218C6C009A2DCC /* UIKit.framework */; };
		C7DB1D8518218C6C009A2DCC /* InfoPlist.strings in Resources */ = {isa = PBXBuildFile; fileRef = C7DB1D8318218C6C009A2DCC /* InfoPlist.strings */; };
		C7DB1D8718218C6C009A2DCC /* main.m in Sources */ = {isa = PBXBuildFile; fileRef = C7DB1D8618218C6C009A2DCC /* main.m */; };
		C7DB1D8B18218C6C009A2DCC /* KKAppDelegate.m in Sources */ = {isa = PBXBuildFile; fileRef = C7DB1D8A18218C6C009A2DCC /* KKAppDelegate.m */; };
		C7DB1D8E18218C6C009A2DCC /* Main_iPhone.storyboard in Resources */ = {isa = PBXBuildFile; fileRef = C7DB1D8C18218C6C009A2DCC /* Main_iPhone.storyboard */; };
		C7DB1D9918218C6C009A2DCC /* Images.xcassets in Resources */ = {isa = PBXBuildFile; fileRef = C7DB1D9818218C6C009A2DCC /* Images.xcassets */; };
		C7DB1DA018218C6C009A2DCC /* XCTest.framework in Frameworks */ = {isa = PBXBuildFile; fileRef = C7DB1D9F18218C6C009A2DCC /* XCTest.framework */; };
		C7DB1DA118218C6C009A2DCC /* Foundation.framework in Frameworks */ = {isa = PBXBuildFile; fileRef = C7DB1D7A18218C6C009A2DCC /* Foundation.framework */; };
		C7DB1DA218218C6C009A2DCC /* UIKit.framework in Frameworks */ = {isa = PBXBuildFile; fileRef = C7DB1D7E18218C6C009A2DCC /* UIKit.framework */; };
		C7DB1DAA18218C6D009A2DCC /* InfoPlist.strings in Resources */ = {isa = PBXBuildFile; fileRef = C7DB1DA818218C6D009A2DCC /* InfoPlist.strings */; };
		C7DB1DAC18218C6D009A2DCC /* KKMainViewControllerTests.m in Sources */ = {isa = PBXBuildFile; fileRef = C7DB1DAB18218C6D009A2DCC /* KKMainViewControllerTests.m */; };
		C7DB1DBC18218F25009A2DCC /* AdSupport.framework in Frameworks */ = {isa = PBXBuildFile; fileRef = C7DB1DB518218F25009A2DCC /* AdSupport.framework */; };
		C7DB1DBD18218F25009A2DCC /* CFNetwork.framework in Frameworks */ = {isa = PBXBuildFile; fileRef = C7DB1DB618218F25009A2DCC /* CFNetwork.framework */; };
		C7DB1DBE18218F25009A2DCC /* EventKit.framework in Frameworks */ = {isa = PBXBuildFile; fileRef = C7DB1DB718218F25009A2DCC /* EventKit.framework */; };
		C7DB1DBF18218F25009A2DCC /* EventKitUI.framework in Frameworks */ = {isa = PBXBuildFile; fileRef = C7DB1DB818218F25009A2DCC /* EventKitUI.framework */; };
		C7DB1DC018218F25009A2DCC /* QuartzCore.framework in Frameworks */ = {isa = PBXBuildFile; fileRef = C7DB1DB918218F25009A2DCC /* QuartzCore.framework */; };
		C7DB1DC218218F25009A2DCC /* SystemConfiguration.framework in Frameworks */ = {isa = PBXBuildFile; fileRef = C7DB1DBB18218F25009A2DCC /* SystemConfiguration.framework */; };
		C7EC6C6F183D0D5100402410 /* KKTimePeriodTableViewControllerTests.m in Sources */ = {isa = PBXBuildFile; fileRef = C7EC6C6E183D0D5100402410 /* KKTimePeriodTableViewControllerTests.m */; };
		C7F0FBDF1828296200CEA23A /* AppCalendar.m in Sources */ = {isa = PBXBuildFile; fileRef = C7F0FBD31828296200CEA23A /* AppCalendar.m */; };
		C7F0FBE31828296200CEA23A /* MyManager.m in Sources */ = {isa = PBXBuildFile; fileRef = C7F0FBDA1828296200CEA23A /* MyManager.m */; };
		C7F0FBE818283FF400CEA23A /* KKTimePeriodTableViewController.m in Sources */ = {isa = PBXBuildFile; fileRef = C7F0FBE718283FF400CEA23A /* KKTimePeriodTableViewController.m */; };
		C7F0FBF418286B0200CEA23A /* KKSlightIndentTextField.m in Sources */ = {isa = PBXBuildFile; fileRef = C7F0FBF318286B0200CEA23A /* KKSlightIndentTextField.m */; };
		C7F0FC0318286F5E00CEA23A /* KKButtonBarCell.m in Sources */ = {isa = PBXBuildFile; fileRef = C7F0FBF818286F5E00CEA23A /* KKButtonBarCell.m */; };
		C7F0FC0418286F5E00CEA23A /* KKButtonBarCell.xib in Resources */ = {isa = PBXBuildFile; fileRef = C7F0FBF918286F5E00CEA23A /* KKButtonBarCell.xib */; };
		C7F0FC0518286F5E00CEA23A /* KKDateCell.m in Sources */ = {isa = PBXBuildFile; fileRef = C7F0FBFB18286F5E00CEA23A /* KKDateCell.m */; };
		C7F0FC0618286F5E00CEA23A /* KKDateCell.xib in Resources */ = {isa = PBXBuildFile; fileRef = C7F0FBFC18286F5E00CEA23A /* KKDateCell.xib */; };
		C7F0FC0718286F5E00CEA23A /* KKDateDifferencesCell.m in Sources */ = {isa = PBXBuildFile; fileRef = C7F0FBFE18286F5E00CEA23A /* KKDateDifferencesCell.m */; };
		C7F0FC0818286F5E00CEA23A /* KKDateDifferencesCell.xib in Resources */ = {isa = PBXBuildFile; fileRef = C7F0FBFF18286F5E00CEA23A /* KKDateDifferencesCell.xib */; };
		C7F4A150183EA3AE00C23AE3 /* KKTimePeriodTableViewController+TestingExtensions.m in Sources */ = {isa = PBXBuildFile; fileRef = C7F4A14F183EA3AE00C23AE3 /* KKTimePeriodTableViewController+TestingExtensions.m */; };
		C7F4A15E183FEAE700C23AE3 /* KKDateDifferencesCellTests.m in Sources */ = {isa = PBXBuildFile; fileRef = C7F4A15D183FEAE700C23AE3 /* KKDateDifferencesCellTests.m */; };
		C7F9929A18401DDC0060B266 /* UICountingLabel.m in Sources */ = {isa = PBXBuildFile; fileRef = C7F9929918401DDC0060B266 /* UICountingLabel.m */; };
/* End PBXBuildFile section */

/* Begin PBXContainerItemProxy section */
		C7DB1DA318218C6C009A2DCC /* PBXContainerItemProxy */ = {
			isa = PBXContainerItemProxy;
			containerPortal = C7DB1D6F18218C6C009A2DCC /* Project object */;
			proxyType = 1;
			remoteGlobalIDString = C7DB1D7618218C6C009A2DCC;
			remoteInfo = CalcuDates;
		};
/* End PBXContainerItemProxy section */

/* Begin PBXFileReference section */
		610CF16D12BF4A8EB588F390 /* Pods.xcconfig */ = {isa = PBXFileReference; includeInIndex = 1; lastKnownFileType = text.xcconfig; name = Pods.xcconfig; path = Pods/Pods.xcconfig; sourceTree = "<group>"; };
		93A21E9239314E86AEB33567 /* libPods.a */ = {isa = PBXFileReference; explicitFileType = archive.ar; includeInIndex = 0; path = libPods.a; sourceTree = BUILT_PRODUCTS_DIR; };
		C70F57A31843E76100C22F0A /* KKDateManager.h */ = {isa = PBXFileReference; fileEncoding = 4; lastKnownFileType = sourcecode.c.h; name = KKDateManager.h; path = Classes/KKDateManager.h; sourceTree = "<group>"; };
		C70F57A41843E76100C22F0A /* KKDateManager.m */ = {isa = PBXFileReference; fileEncoding = 4; lastKnownFileType = sourcecode.c.objc; name = KKDateManager.m; path = Classes/KKDateManager.m; sourceTree = "<group>"; };
		C70F57A61843EBF200C22F0A /* KKDateManagerTests.m */ = {isa = PBXFileReference; fileEncoding = 4; lastKnownFileType = sourcecode.c.objc; name = KKDateManagerTests.m; path = CalcuDatesTests/KKDateManagerTests.m; sourceTree = SOURCE_ROOT; };
		C70F57AB1844025500C22F0A /* KKNewDateTableViewController.h */ = {isa = PBXFileReference; fileEncoding = 4; lastKnownFileType = sourcecode.c.h; name = KKNewDateTableViewController.h; path = "View Controllers/KKNewDateTableViewController.h"; sourceTree = "<group>"; };
		C70F57AC1844025500C22F0A /* KKNewDateTableViewController.m */ = {isa = PBXFileReference; fileEncoding = 4; lastKnownFileType = sourcecode.c.objc; name = KKNewDateTableViewController.m; path = "View Controllers/KKNewDateTableViewController.m"; sourceTree = "<group>"; };
		C70F57B31844075800C22F0A /* KKCalculatedEndDateCell.h */ = {isa = PBXFileReference; fileEncoding = 4; lastKnownFileType = sourcecode.c.h; name = KKCalculatedEndDateCell.h; path = "Custom Table Cells/KKCalculatedEndDateCell.h"; sourceTree = "<group>"; };
		C70F57B41844075800C22F0A /* KKCalculatedEndDateCell.m */ = {isa = PBXFileReference; fileEncoding = 4; lastKnownFileType = sourcecode.c.objc; name = KKCalculatedEndDateCell.m; path = "Custom Table Cells/KKCalculatedEndDateCell.m"; sourceTree = "<group>"; };
		C70F57B51844075800C22F0A /* KKCalculatedEndDateCell.xib */ = {isa = PBXFileReference; fileEncoding = 4; lastKnownFileType = file.xib; name = KKCalculatedEndDateCell.xib; path = "Custom Table Cells/KKCalculatedEndDateCell.xib"; sourceTree = "<group>"; };
		C70F57B8184415FA00C22F0A /* KKDurationEntryCell.h */ = {isa = PBXFileReference; fileEncoding = 4; lastKnownFileType = sourcecode.c.h; name = KKDurationEntryCell.h; path = "Custom Table Cells/KKDurationEntryCell.h"; sourceTree = "<group>"; };
		C70F57B9184415FA00C22F0A /* KKDurationEntryCell.m */ = {isa = PBXFileReference; fileEncoding = 4; lastKnownFileType = sourcecode.c.objc; name = KKDurationEntryCell.m; path = "Custom Table Cells/KKDurationEntryCell.m"; sourceTree = "<group>"; };
		C70F57BA184415FA00C22F0A /* KKDurationEntryCell.xib */ = {isa = PBXFileReference; fileEncoding = 4; lastKnownFileType = file.xib; name = KKDurationEntryCell.xib; path = "Custom Table Cells/KKDurationEntryCell.xib"; sourceTree = "<group>"; };
		C722F505183D470900770D8F /* KKMainViewController+TestingExtensions.h */ = {isa = PBXFileReference; fileEncoding = 4; lastKnownFileType = sourcecode.c.h; path = "KKMainViewController+TestingExtensions.h"; sourceTree = "<group>"; };
		C722F506183D470900770D8F /* KKMainViewController+TestingExtensions.m */ = {isa = PBXFileReference; fileEncoding = 4; lastKnownFileType = sourcecode.c.objc; path = "KKMainViewController+TestingExtensions.m"; sourceTree = "<group>"; };
		C73D3858183169AC00AD9887 /* UIImage+ImageEffects.h */ = {isa = PBXFileReference; fileEncoding = 4; lastKnownFileType = sourcecode.c.h; name = "UIImage+ImageEffects.h"; path = "3rd Party/MHDismissModalView/UIImage+ImageEffects.h"; sourceTree = "<group>"; };
		C73D3859183169AC00AD9887 /* UIImage+ImageEffects.m */ = {isa = PBXFileReference; fileEncoding = 4; lastKnownFileType = sourcecode.c.objc; name = "UIImage+ImageEffects.m"; path = "3rd Party/MHDismissModalView/UIImage+ImageEffects.m"; sourceTree = "<group>"; };
		C73D385E18316A6800AD9887 /* KKSettingsViewController.h */ = {isa = PBXFileReference; fileEncoding = 4; lastKnownFileType = sourcecode.c.h; name = KKSettingsViewController.h; path = "View Controllers/KKSettingsViewController.h"; sourceTree = "<group>"; };
		C73D385F18316A6800AD9887 /* KKSettingsViewController.m */ = {isa = PBXFileReference; fileEncoding = 4; lastKnownFileType = sourcecode.c.objc; name = KKSettingsViewController.m; path = "View Controllers/KKSettingsViewController.m"; sourceTree = "<group>"; };
		C74ED59718234E0C003D137C /* KKConstants.h */ = {isa = PBXFileReference; fileEncoding = 4; lastKnownFileType = sourcecode.c.h; name = KKConstants.h; path = Classes/KKConstants.h; sourceTree = "<group>"; };
		C74ED59D182361F2003D137C /* KKMainViewController.h */ = {isa = PBXFileReference; fileEncoding = 4; lastKnownFileType = sourcecode.c.h; name = KKMainViewController.h; path = "View Controllers/KKMainViewController.h"; sourceTree = "<group>"; };
		C74ED59E182361F2003D137C /* KKMainViewController.m */ = {isa = PBXFileReference; fileEncoding = 4; lastKnownFileType = sourcecode.c.objc; name = KKMainViewController.m; path = "View Controllers/KKMainViewController.m"; sourceTree = "<group>"; };
		C7554CE8184D48500047AED1 /* KKNewDateTableViewControllerTests.m */ = {isa = PBXFileReference; fileEncoding = 4; lastKnownFileType = sourcecode.c.objc; path = KKNewDateTableViewControllerTests.m; sourceTree = "<group>"; };
		C76ECE0618293CF7005E5591 /* KKMacros.h */ = {isa = PBXFileReference; fileEncoding = 4; lastKnownFileType = sourcecode.c.h; name = KKMacros.h; path = Classes/KKMacros.h; sourceTree = "<group>"; };
		C76ECE0B1829A386005E5591 /* KKDatePickerCell.h */ = {isa = PBXFileReference; fileEncoding = 4; lastKnownFileType = sourcecode.c.h; name = KKDatePickerCell.h; path = "Custom Table Cells/KKDatePickerCell.h"; sourceTree = "<group>"; };
		C76ECE0C1829A386005E5591 /* KKDatePickerCell.m */ = {isa = PBXFileReference; fileEncoding = 4; lastKnownFileType = sourcecode.c.objc; name = KKDatePickerCell.m; path = "Custom Table Cells/KKDatePickerCell.m"; sourceTree = "<group>"; };
		C76ECE0D1829A386005E5591 /* KKDatePickerCell.xib */ = {isa = PBXFileReference; fileEncoding = 4; lastKnownFileType = file.xib; name = KKDatePickerCell.xib; path = "Custom Table Cells/KKDatePickerCell.xib"; sourceTree = "<group>"; };
		C78DA0AF184BA55E002DD772 /* EventKitController.h */ = {isa = PBXFileReference; fileEncoding = 4; lastKnownFileType = sourcecode.c.h; path = EventKitController.h; sourceTree = "<group>"; };
		C78DA0B0184BA55E002DD772 /* EventKitController.m */ = {isa = PBXFileReference; fileEncoding = 4; lastKnownFileType = sourcecode.c.objc; path = EventKitController.m; sourceTree = "<group>"; };
		C78DA0B1184BA55E002DD772 /* KKEventKitController.h */ = {isa = PBXFileReference; fileEncoding = 4; lastKnownFileType = sourcecode.c.h; path = KKEventKitController.h; sourceTree = "<group>"; };
		C78DA0B2184BA55E002DD772 /* KKEventKitController.m */ = {isa = PBXFileReference; fileEncoding = 4; lastKnownFileType = sourcecode.c.objc; path = KKEventKitController.m; sourceTree = "<group>"; };
		C78DA0C1184BD3B7002DD772 /* RevMobAds.framework */ = {isa = PBXFileReference; lastKnownFileType = wrapper.framework; path = RevMobAds.framework; sourceTree = "<group>"; };
		C7935C3B1828080C0012E021 /* KKTabBarController.h */ = {isa = PBXFileReference; fileEncoding = 4; lastKnownFileType = sourcecode.c.h; name = KKTabBarController.h; path = "View Controllers/KKTabBarController.h"; sourceTree = "<group>"; };
		C7935C3C1828080C0012E021 /* KKTabBarController.m */ = {isa = PBXFileReference; fileEncoding = 4; lastKnownFileType = sourcecode.c.objc; name = KKTabBarController.m; path = "View Controllers/KKTabBarController.m"; sourceTree = "<group>"; };
		C7935C3F18281C150012E021 /* CECardsAnimationController.h */ = {isa = PBXFileReference; fileEncoding = 4; lastKnownFileType = sourcecode.c.h; path = CECardsAnimationController.h; sourceTree = "<group>"; };
		C7935C4018281C150012E021 /* CECardsAnimationController.m */ = {isa = PBXFileReference; fileEncoding = 4; lastKnownFileType = sourcecode.c.objc; path = CECardsAnimationController.m; sourceTree = "<group>"; };
		C7935C4118281C150012E021 /* CECrossfadeAnimationController.h */ = {isa = PBXFileReference; fileEncoding = 4; lastKnownFileType = sourcecode.c.h; path = CECrossfadeAnimationController.h; sourceTree = "<group>"; };
		C7935C4218281C150012E021 /* CECrossfadeAnimationController.m */ = {isa = PBXFileReference; fileEncoding = 4; lastKnownFileType = sourcecode.c.objc; path = CECrossfadeAnimationController.m; sourceTree = "<group>"; };
		C7935C4318281C150012E021 /* CEExplodeAnimationController.h */ = {isa = PBXFileReference; fileEncoding = 4; lastKnownFileType = sourcecode.c.h; path = CEExplodeAnimationController.h; sourceTree = "<group>"; };
		C7935C4418281C150012E021 /* CEExplodeAnimationController.m */ = {isa = PBXFileReference; fileEncoding = 4; lastKnownFileType = sourcecode.c.objc; path = CEExplodeAnimationController.m; sourceTree = "<group>"; };
		C7935C4518281C150012E021 /* CEFlipAnimationController.h */ = {isa = PBXFileReference; fileEncoding = 4; lastKnownFileType = sourcecode.c.h; path = CEFlipAnimationController.h; sourceTree = "<group>"; };
		C7935C4618281C150012E021 /* CEFlipAnimationController.m */ = {isa = PBXFileReference; fileEncoding = 4; lastKnownFileType = sourcecode.c.objc; path = CEFlipAnimationController.m; sourceTree = "<group>"; };
		C7935C4718281C150012E021 /* CEFoldAnimationController.h */ = {isa = PBXFileReference; fileEncoding = 4; lastKnownFileType = sourcecode.c.h; path = CEFoldAnimationController.h; sourceTree = "<group>"; };
		C7935C4818281C150012E021 /* CEFoldAnimationController.m */ = {isa = PBXFileReference; fileEncoding = 4; lastKnownFileType = sourcecode.c.objc; path = CEFoldAnimationController.m; sourceTree = "<group>"; };
		C7935C4918281C150012E021 /* CENatGeoAnimationController.h */ = {isa = PBXFileReference; fileEncoding = 4; lastKnownFileType = sourcecode.c.h; path = CENatGeoAnimationController.h; sourceTree = "<group>"; };
		C7935C4A18281C150012E021 /* CENatGeoAnimationController.m */ = {isa = PBXFileReference; fileEncoding = 4; lastKnownFileType = sourcecode.c.objc; path = CENatGeoAnimationController.m; sourceTree = "<group>"; };
		C7935C4B18281C150012E021 /* CEReversibleAnimationController.h */ = {isa = PBXFileReference; fileEncoding = 4; lastKnownFileType = sourcecode.c.h; path = CEReversibleAnimationController.h; sourceTree = "<group>"; };
		C7935C4C18281C150012E021 /* CEReversibleAnimationController.m */ = {isa = PBXFileReference; fileEncoding = 4; lastKnownFileType = sourcecode.c.objc; path = CEReversibleAnimationController.m; sourceTree = "<group>"; };
		C7935C4D18281C150012E021 /* CETurnAnimationController.h */ = {isa = PBXFileReference; fileEncoding = 4; lastKnownFileType = sourcecode.c.h; path = CETurnAnimationController.h; sourceTree = "<group>"; };
		C7935C4E18281C150012E021 /* CETurnAnimationController.m */ = {isa = PBXFileReference; fileEncoding = 4; lastKnownFileType = sourcecode.c.objc; path = CETurnAnimationController.m; sourceTree = "<group>"; };
		C7935C5018281C150012E021 /* CEBaseInteractionController.h */ = {isa = PBXFileReference; fileEncoding = 4; lastKnownFileType = sourcecode.c.h; path = CEBaseInteractionController.h; sourceTree = "<group>"; };
		C7935C5118281C150012E021 /* CEBaseInteractionController.m */ = {isa = PBXFileReference; fileEncoding = 4; lastKnownFileType = sourcecode.c.objc; path = CEBaseInteractionController.m; sourceTree = "<group>"; };
		C7935C5218281C150012E021 /* CEHorizontalSwipeInteractionController.h */ = {isa = PBXFileReference; fileEncoding = 4; lastKnownFileType = sourcecode.c.h; path = CEHorizontalSwipeInteractionController.h; sourceTree = "<group>"; };
		C7935C5318281C150012E021 /* CEHorizontalSwipeInteractionController.m */ = {isa = PBXFileReference; fileEncoding = 4; lastKnownFileType = sourcecode.c.objc; path = CEHorizontalSwipeInteractionController.m; sourceTree = "<group>"; };
		C7935C5418281C150012E021 /* CEPinchInteractionController.h */ = {isa = PBXFileReference; fileEncoding = 4; lastKnownFileType = sourcecode.c.h; path = CEPinchInteractionController.h; sourceTree = "<group>"; };
		C7935C5518281C150012E021 /* CEPinchInteractionController.m */ = {isa = PBXFileReference; fileEncoding = 4; lastKnownFileType = sourcecode.c.objc; path = CEPinchInteractionController.m; sourceTree = "<group>"; };
		C7935C5618281C150012E021 /* CEVerticalSwipeInteractionController.h */ = {isa = PBXFileReference; fileEncoding = 4; lastKnownFileType = sourcecode.c.h; path = CEVerticalSwipeInteractionController.h; sourceTree = "<group>"; };
		C7935C5718281C150012E021 /* CEVerticalSwipeInteractionController.m */ = {isa = PBXFileReference; fileEncoding = 4; lastKnownFileType = sourcecode.c.objc; path = CEVerticalSwipeInteractionController.m; sourceTree = "<group>"; };
		C79E9D51184DABAE007F82FC /* Crashlytics.framework */ = {isa = PBXFileReference; lastKnownFileType = wrapper.framework; path = Crashlytics.framework; sourceTree = "<group>"; };
		C7C36468184DA0E400F5C723 /* Appirater.h */ = {isa = PBXFileReference; fileEncoding = 4; lastKnownFileType = sourcecode.c.h; name = Appirater.h; path = Appirater/Appirater.h; sourceTree = "<group>"; };
		C7C36469184DA0E400F5C723 /* Appirater.m */ = {isa = PBXFileReference; fileEncoding = 4; lastKnownFileType = sourcecode.c.objc; name = Appirater.m; path = Appirater/Appirater.m; sourceTree = "<group>"; };
		C7C3646A184DA0E400F5C723 /* AppiraterDelegate.h */ = {isa = PBXFileReference; fileEncoding = 4; lastKnownFileType = sourcecode.c.h; name = AppiraterDelegate.h; path = Appirater/AppiraterDelegate.h; sourceTree = "<group>"; };
		C7C3646D184DA0E400F5C723 /* ar */ = {isa = PBXFileReference; lastKnownFileType = text.plist.strings; name = ar; path = AppiraterLocalizable.strings; sourceTree = "<group>"; };
		C7C36470184DA0E400F5C723 /* ca */ = {isa = PBXFileReference; lastKnownFileType = text.plist.strings; name = ca; path = AppiraterLocalizable.strings; sourceTree = "<group>"; };
		C7C36473184DA0E400F5C723 /* cs */ = {isa = PBXFileReference; lastKnownFileType = text.plist.strings; name = cs; path = AppiraterLocalizable.strings; sourceTree = "<group>"; };
		C7C36476184DA0E400F5C723 /* da */ = {isa = PBXFileReference; lastKnownFileType = text.plist.strings; name = da; path = AppiraterLocalizable.strings; sourceTree = "<group>"; };
		C7C36479184DA0E400F5C723 /* de */ = {isa = PBXFileReference; lastKnownFileType = text.plist.strings; name = de; path = AppiraterLocalizable.strings; sourceTree = "<group>"; };
		C7C3647C184DA0E400F5C723 /* el */ = {isa = PBXFileReference; lastKnownFileType = text.plist.strings; name = el; path = AppiraterLocalizable.strings; sourceTree = "<group>"; };
		C7C3647F184DA0E400F5C723 /* en */ = {isa = PBXFileReference; lastKnownFileType = text.plist.strings; name = en; path = AppiraterLocalizable.strings; sourceTree = "<group>"; };
		C7C36482184DA0E400F5C723 /* es */ = {isa = PBXFileReference; lastKnownFileType = text.plist.strings; name = es; path = AppiraterLocalizable.strings; sourceTree = "<group>"; };
		C7C36485184DA0E400F5C723 /* fi */ = {isa = PBXFileReference; lastKnownFileType = text.plist.strings; name = fi; path = AppiraterLocalizable.strings; sourceTree = "<group>"; };
		C7C36488184DA0E400F5C723 /* fr */ = {isa = PBXFileReference; lastKnownFileType = text.plist.strings; name = fr; path = AppiraterLocalizable.strings; sourceTree = "<group>"; };
		C7C3648B184DA0E400F5C723 /* he */ = {isa = PBXFileReference; lastKnownFileType = text.plist.strings; name = he; path = AppiraterLocalizable.strings; sourceTree = "<group>"; };
		C7C3648E184DA0E400F5C723 /* hu */ = {isa = PBXFileReference; lastKnownFileType = text.plist.strings; name = hu; path = AppiraterLocalizable.strings; sourceTree = "<group>"; };
		C7C36491184DA0E400F5C723 /* id */ = {isa = PBXFileReference; lastKnownFileType = text.plist.strings; name = id; path = AppiraterLocalizable.strings; sourceTree = "<group>"; };
		C7C36494184DA0E400F5C723 /* it */ = {isa = PBXFileReference; lastKnownFileType = text.plist.strings; name = it; path = AppiraterLocalizable.strings; sourceTree = "<group>"; };
		C7C36497184DA0E400F5C723 /* ja */ = {isa = PBXFileReference; lastKnownFileType = text.plist.strings; name = ja; path = AppiraterLocalizable.strings; sourceTree = "<group>"; };
		C7C3649A184DA0E400F5C723 /* ko */ = {isa = PBXFileReference; lastKnownFileType = text.plist.strings; name = ko; path = AppiraterLocalizable.strings; sourceTree = "<group>"; };
		C7C3649D184DA0E400F5C723 /* ms */ = {isa = PBXFileReference; lastKnownFileType = text.plist.strings; name = ms; path = AppiraterLocalizable.strings; sourceTree = "<group>"; };
		C7C364A0184DA0E400F5C723 /* nb */ = {isa = PBXFileReference; lastKnownFileType = text.plist.strings; name = nb; path = AppiraterLocalizable.strings; sourceTree = "<group>"; };
		C7C364A3184DA0E400F5C723 /* nl */ = {isa = PBXFileReference; lastKnownFileType = text.plist.strings; name = nl; path = AppiraterLocalizable.strings; sourceTree = "<group>"; };
		C7C364A6184DA0E400F5C723 /* pl */ = {isa = PBXFileReference; lastKnownFileType = text.plist.strings; name = pl; path = AppiraterLocalizable.strings; sourceTree = "<group>"; };
		C7C364A9184DA0E400F5C723 /* pt-BR */ = {isa = PBXFileReference; lastKnownFileType = text.plist.strings; name = "pt-BR"; path = AppiraterLocalizable.strings; sourceTree = "<group>"; };
		C7C364AC184DA0E400F5C723 /* pt */ = {isa = PBXFileReference; lastKnownFileType = text.plist.strings; name = pt; path = AppiraterLocalizable.strings; sourceTree = "<group>"; };
		C7C364AF184DA0E400F5C723 /* ro */ = {isa = PBXFileReference; lastKnownFileType = text.plist.strings; name = ro; path = AppiraterLocalizable.strings; sourceTree = "<group>"; };
		C7C364B2184DA0E400F5C723 /* ru */ = {isa = PBXFileReference; lastKnownFileType = text.plist.strings; name = ru; path = AppiraterLocalizable.strings; sourceTree = "<group>"; };
		C7C364B5184DA0E400F5C723 /* sk */ = {isa = PBXFileReference; lastKnownFileType = text.plist.strings; name = sk; path = AppiraterLocalizable.strings; sourceTree = "<group>"; };
		C7C364B8184DA0E400F5C723 /* sv */ = {isa = PBXFileReference; lastKnownFileType = text.plist.strings; name = sv; path = AppiraterLocalizable.strings; sourceTree = "<group>"; };
		C7C364BB184DA0E400F5C723 /* th */ = {isa = PBXFileReference; lastKnownFileType = text.plist.strings; name = th; path = AppiraterLocalizable.strings; sourceTree = "<group>"; };
		C7C364BE184DA0E400F5C723 /* tr */ = {isa = PBXFileReference; lastKnownFileType = text.plist.strings; name = tr; path = AppiraterLocalizable.strings; sourceTree = "<group>"; };
		C7C364C1184DA0E400F5C723 /* vi */ = {isa = PBXFileReference; lastKnownFileType = text.plist.strings; name = vi; path = AppiraterLocalizable.strings; sourceTree = "<group>"; };
		C7C364C4184DA0E400F5C723 /* zh-Hans */ = {isa = PBXFileReference; lastKnownFileType = text.plist.strings; name = "zh-Hans"; path = AppiraterLocalizable.strings; sourceTree = "<group>"; };
		C7C364C7184DA0E400F5C723 /* zh-Hant */ = {isa = PBXFileReference; lastKnownFileType = text.plist.strings; name = "zh-Hant"; path = AppiraterLocalizable.strings; sourceTree = "<group>"; };
		C7C364E8184DA14200F5C723 /* StoreKit.framework */ = {isa = PBXFileReference; lastKnownFileType = wrapper.framework; name = StoreKit.framework; path = System/Library/Frameworks/StoreKit.framework; sourceTree = SDKROOT; };
		C7C94B40183C16A500C626D9 /* KKTabBarControllerTests.m */ = {isa = PBXFileReference; fileEncoding = 4; lastKnownFileType = sourcecode.c.objc; path = KKTabBarControllerTests.m; sourceTree = "<group>"; };
		C7C94B42183C1D9A00C626D9 /* KKSettingsViewControllerTests.m */ = {isa = PBXFileReference; fileEncoding = 4; lastKnownFileType = sourcecode.c.objc; name = KKSettingsViewControllerTests.m; path = CalcuDatesTests/KKSettingsViewControllerTests.m; sourceTree = SOURCE_ROOT; };
		C7DB1D7718218C6C009A2DCC /* CalcuDates.app */ = {isa = PBXFileReference; explicitFileType = wrapper.application; includeInIndex = 0; path = CalcuDates.app; sourceTree = BUILT_PRODUCTS_DIR; };
		C7DB1D7A18218C6C009A2DCC /* Foundation.framework */ = {isa = PBXFileReference; lastKnownFileType = wrapper.framework; name = Foundation.framework; path = System/Library/Frameworks/Foundation.framework; sourceTree = SDKROOT; };
		C7DB1D7C18218C6C009A2DCC /* CoreGraphics.framework */ = {isa = PBXFileReference; lastKnownFileType = wrapper.framework; name = CoreGraphics.framework; path = System/Library/Frameworks/CoreGraphics.framework; sourceTree = SDKROOT; };
		C7DB1D7E18218C6C009A2DCC /* UIKit.framework */ = {isa = PBXFileReference; lastKnownFileType = wrapper.framework; name = UIKit.framework; path = System/Library/Frameworks/UIKit.framework; sourceTree = SDKROOT; };
		C7DB1D8218218C6C009A2DCC /* CalcuDates-Info.plist */ = {isa = PBXFileReference; lastKnownFileType = text.plist.xml; path = "CalcuDates-Info.plist"; sourceTree = "<group>"; };
		C7DB1D8418218C6C009A2DCC /* en */ = {isa = PBXFileReference; lastKnownFileType = text.plist.strings; name = en; path = en.lproj/InfoPlist.strings; sourceTree = "<group>"; };
		C7DB1D8618218C6C009A2DCC /* main.m */ = {isa = PBXFileReference; lastKnownFileType = sourcecode.c.objc; path = main.m; sourceTree = "<group>"; };
		C7DB1D8818218C6C009A2DCC /* CalcuDates-Prefix.pch */ = {isa = PBXFileReference; lastKnownFileType = sourcecode.c.h; path = "CalcuDates-Prefix.pch"; sourceTree = "<group>"; };
		C7DB1D8918218C6C009A2DCC /* KKAppDelegate.h */ = {isa = PBXFileReference; lastKnownFileType = sourcecode.c.h; path = KKAppDelegate.h; sourceTree = "<group>"; };
		C7DB1D8A18218C6C009A2DCC /* KKAppDelegate.m */ = {isa = PBXFileReference; lastKnownFileType = sourcecode.c.objc; path = KKAppDelegate.m; sourceTree = "<group>"; };
		C7DB1D8D18218C6C009A2DCC /* Base */ = {isa = PBXFileReference; lastKnownFileType = file.storyboard; name = Base; path = Base.lproj/Main_iPhone.storyboard; sourceTree = "<group>"; };
		C7DB1D9818218C6C009A2DCC /* Images.xcassets */ = {isa = PBXFileReference; lastKnownFileType = folder.assetcatalog; path = Images.xcassets; sourceTree = "<group>"; };
		C7DB1D9E18218C6C009A2DCC /* CalcuDatesTests.xctest */ = {isa = PBXFileReference; explicitFileType = wrapper.cfbundle; includeInIndex = 0; path = CalcuDatesTests.xctest; sourceTree = BUILT_PRODUCTS_DIR; };
		C7DB1D9F18218C6C009A2DCC /* XCTest.framework */ = {isa = PBXFileReference; lastKnownFileType = wrapper.framework; name = XCTest.framework; path = Library/Frameworks/XCTest.framework; sourceTree = DEVELOPER_DIR; };
		C7DB1DA718218C6D009A2DCC /* CalcuDatesTests-Info.plist */ = {isa = PBXFileReference; lastKnownFileType = text.plist.xml; path = "CalcuDatesTests-Info.plist"; sourceTree = "<group>"; };
		C7DB1DA918218C6D009A2DCC /* en */ = {isa = PBXFileReference; lastKnownFileType = text.plist.strings; name = en; path = en.lproj/InfoPlist.strings; sourceTree = "<group>"; };
		C7DB1DAB18218C6D009A2DCC /* KKMainViewControllerTests.m */ = {isa = PBXFileReference; lastKnownFileType = sourcecode.c.objc; path = KKMainViewControllerTests.m; sourceTree = "<group>"; };
		C7DB1DB518218F25009A2DCC /* AdSupport.framework */ = {isa = PBXFileReference; lastKnownFileType = wrapper.framework; name = AdSupport.framework; path = System/Library/Frameworks/AdSupport.framework; sourceTree = SDKROOT; };
		C7DB1DB618218F25009A2DCC /* CFNetwork.framework */ = {isa = PBXFileReference; lastKnownFileType = wrapper.framework; name = CFNetwork.framework; path = System/Library/Frameworks/CFNetwork.framework; sourceTree = SDKROOT; };
		C7DB1DB718218F25009A2DCC /* EventKit.framework */ = {isa = PBXFileReference; lastKnownFileType = wrapper.framework; name = EventKit.framework; path = System/Library/Frameworks/EventKit.framework; sourceTree = SDKROOT; };
		C7DB1DB818218F25009A2DCC /* EventKitUI.framework */ = {isa = PBXFileReference; lastKnownFileType = wrapper.framework; name = EventKitUI.framework; path = System/Library/Frameworks/EventKitUI.framework; sourceTree = SDKROOT; };
		C7DB1DB918218F25009A2DCC /* QuartzCore.framework */ = {isa = PBXFileReference; lastKnownFileType = wrapper.framework; name = QuartzCore.framework; path = System/Library/Frameworks/QuartzCore.framework; sourceTree = SDKROOT; };
		C7DB1DBB18218F25009A2DCC /* SystemConfiguration.framework */ = {isa = PBXFileReference; lastKnownFileType = wrapper.framework; name = SystemConfiguration.framework; path = System/Library/Frameworks/SystemConfiguration.framework; sourceTree = SDKROOT; };
		C7DB1DC718219390009A2DCC /* DevNotes.devnotes */ = {isa = PBXFileReference; lastKnownFileType = text; path = DevNotes.devnotes; sourceTree = "<group>"; };
		C7EC6C6E183D0D5100402410 /* KKTimePeriodTableViewControllerTests.m */ = {isa = PBXFileReference; fileEncoding = 4; lastKnownFileType = sourcecode.c.objc; path = KKTimePeriodTableViewControllerTests.m; sourceTree = "<group>"; };
		C7F0FBD21828296200CEA23A /* AppCalendar.h */ = {isa = PBXFileReference; fileEncoding = 4; lastKnownFileType = sourcecode.c.h; name = AppCalendar.h; path = Classes/AppCalendar.h; sourceTree = "<group>"; };
		C7F0FBD31828296200CEA23A /* AppCalendar.m */ = {isa = PBXFileReference; fileEncoding = 4; lastKnownFileType = sourcecode.c.objc; name = AppCalendar.m; path = Classes/AppCalendar.m; sourceTree = "<group>"; };
		C7F0FBD91828296200CEA23A /* MyManager.h */ = {isa = PBXFileReference; fileEncoding = 4; lastKnownFileType = sourcecode.c.h; name = MyManager.h; path = Classes/MyManager.h; sourceTree = "<group>"; };
		C7F0FBDA1828296200CEA23A /* MyManager.m */ = {isa = PBXFileReference; fileEncoding = 4; lastKnownFileType = sourcecode.c.objc; name = MyManager.m; path = Classes/MyManager.m; sourceTree = "<group>"; };
		C7F0FBE618283FF400CEA23A /* KKTimePeriodTableViewController.h */ = {isa = PBXFileReference; fileEncoding = 4; lastKnownFileType = sourcecode.c.h; name = KKTimePeriodTableViewController.h; path = "View Controllers/KKTimePeriodTableViewController.h"; sourceTree = "<group>"; };
		C7F0FBE718283FF400CEA23A /* KKTimePeriodTableViewController.m */ = {isa = PBXFileReference; fileEncoding = 4; lastKnownFileType = sourcecode.c.objc; name = KKTimePeriodTableViewController.m; path = "View Controllers/KKTimePeriodTableViewController.m"; sourceTree = "<group>"; };
		C7F0FBF218286B0200CEA23A /* KKSlightIndentTextField.h */ = {isa = PBXFileReference; fileEncoding = 4; lastKnownFileType = sourcecode.c.h; name = KKSlightIndentTextField.h; path = Classes/KKSlightIndentTextField.h; sourceTree = "<group>"; };
		C7F0FBF318286B0200CEA23A /* KKSlightIndentTextField.m */ = {isa = PBXFileReference; fileEncoding = 4; lastKnownFileType = sourcecode.c.objc; name = KKSlightIndentTextField.m; path = Classes/KKSlightIndentTextField.m; sourceTree = "<group>"; };
		C7F0FBF718286F5E00CEA23A /* KKButtonBarCell.h */ = {isa = PBXFileReference; fileEncoding = 4; lastKnownFileType = sourcecode.c.h; name = KKButtonBarCell.h; path = "Custom Table Cells/KKButtonBarCell.h"; sourceTree = "<group>"; };
		C7F0FBF818286F5E00CEA23A /* KKButtonBarCell.m */ = {isa = PBXFileReference; fileEncoding = 4; lastKnownFileType = sourcecode.c.objc; name = KKButtonBarCell.m; path = "Custom Table Cells/KKButtonBarCell.m"; sourceTree = "<group>"; };
		C7F0FBF918286F5E00CEA23A /* KKButtonBarCell.xib */ = {isa = PBXFileReference; fileEncoding = 4; lastKnownFileType = file.xib; name = KKButtonBarCell.xib; path = "Custom Table Cells/KKButtonBarCell.xib"; sourceTree = "<group>"; };
		C7F0FBFA18286F5E00CEA23A /* KKDateCell.h */ = {isa = PBXFileReference; fileEncoding = 4; lastKnownFileType = sourcecode.c.h; name = KKDateCell.h; path = "Custom Table Cells/KKDateCell.h"; sourceTree = "<group>"; };
		C7F0FBFB18286F5E00CEA23A /* KKDateCell.m */ = {isa = PBXFileReference; fileEncoding = 4; lastKnownFileType = sourcecode.c.objc; name = KKDateCell.m; path = "Custom Table Cells/KKDateCell.m"; sourceTree = "<group>"; };
		C7F0FBFC18286F5E00CEA23A /* KKDateCell.xib */ = {isa = PBXFileReference; fileEncoding = 4; lastKnownFileType = file.xib; name = KKDateCell.xib; path = "Custom Table Cells/KKDateCell.xib"; sourceTree = "<group>"; };
		C7F0FBFD18286F5E00CEA23A /* KKDateDifferencesCell.h */ = {isa = PBXFileReference; fileEncoding = 4; lastKnownFileType = sourcecode.c.h; name = KKDateDifferencesCell.h; path = "Custom Table Cells/KKDateDifferencesCell.h"; sourceTree = "<group>"; };
		C7F0FBFE18286F5E00CEA23A /* KKDateDifferencesCell.m */ = {isa = PBXFileReference; fileEncoding = 4; lastKnownFileType = sourcecode.c.objc; name = KKDateDifferencesCell.m; path = "Custom Table Cells/KKDateDifferencesCell.m"; sourceTree = "<group>"; };
		C7F0FBFF18286F5E00CEA23A /* KKDateDifferencesCell.xib */ = {isa = PBXFileReference; fileEncoding = 4; lastKnownFileType = file.xib; name = KKDateDifferencesCell.xib; path = "Custom Table Cells/KKDateDifferencesCell.xib"; sourceTree = "<group>"; };
		C7F4A14E183EA3AE00C23AE3 /* KKTimePeriodTableViewController+TestingExtensions.h */ = {isa = PBXFileReference; fileEncoding = 4; lastKnownFileType = sourcecode.c.h; path = "KKTimePeriodTableViewController+TestingExtensions.h"; sourceTree = "<group>"; };
		C7F4A14F183EA3AE00C23AE3 /* KKTimePeriodTableViewController+TestingExtensions.m */ = {isa = PBXFileReference; fileEncoding = 4; lastKnownFileType = sourcecode.c.objc; path = "KKTimePeriodTableViewController+TestingExtensions.m"; sourceTree = "<group>"; };
		C7F4A15D183FEAE700C23AE3 /* KKDateDifferencesCellTests.m */ = {isa = PBXFileReference; fileEncoding = 4; lastKnownFileType = sourcecode.c.objc; path = KKDateDifferencesCellTests.m; sourceTree = "<group>"; };
		C7F9929818401DDC0060B266 /* UICountingLabel.h */ = {isa = PBXFileReference; fileEncoding = 4; lastKnownFileType = sourcecode.c.h; name = UICountingLabel.h; path = UICountingLabel/UICountingLabel.h; sourceTree = "<group>"; };
		C7F9929918401DDC0060B266 /* UICountingLabel.m */ = {isa = PBXFileReference; fileEncoding = 4; lastKnownFileType = sourcecode.c.objc; name = UICountingLabel.m; path = UICountingLabel/UICountingLabel.m; sourceTree = "<group>"; };
/* End PBXFileReference section */

/* Begin PBXFrameworksBuildPhase section */
		C7DB1D7418218C6C009A2DCC /* Frameworks */ = {
			isa = PBXFrameworksBuildPhase;
			buildActionMask = 2147483647;
			files = (
				C79E9D52184DABAE007F82FC /* Crashlytics.framework in Frameworks */,
				C7C364E9184DA14200F5C723 /* StoreKit.framework in Frameworks */,
				C7DB1DC018218F25009A2DCC /* QuartzCore.framework in Frameworks */,
				C78DA0C2184BD3B8002DD772 /* RevMobAds.framework in Frameworks */,
				C7DB1DBC18218F25009A2DCC /* AdSupport.framework in Frameworks */,
				C7DB1DBD18218F25009A2DCC /* CFNetwork.framework in Frameworks */,
				C7DB1DBE18218F25009A2DCC /* EventKit.framework in Frameworks */,
				C7DB1DBF18218F25009A2DCC /* EventKitUI.framework in Frameworks */,
				C7DB1DC218218F25009A2DCC /* SystemConfiguration.framework in Frameworks */,
				C7DB1D7D18218C6C009A2DCC /* CoreGraphics.framework in Frameworks */,
				C7DB1D7F18218C6C009A2DCC /* UIKit.framework in Frameworks */,
				C7DB1D7B18218C6C009A2DCC /* Foundation.framework in Frameworks */,
				15CF9F9EB7E345DEB53B1D0B /* libPods.a in Frameworks */,
			);
			runOnlyForDeploymentPostprocessing = 0;
		};
		C7DB1D9B18218C6C009A2DCC /* Frameworks */ = {
			isa = PBXFrameworksBuildPhase;
			buildActionMask = 2147483647;
			files = (
				C7DB1DA018218C6C009A2DCC /* XCTest.framework in Frameworks */,
				C7DB1DA218218C6C009A2DCC /* UIKit.framework in Frameworks */,
				C7DB1DA118218C6C009A2DCC /* Foundation.framework in Frameworks */,
			);
			runOnlyForDeploymentPostprocessing = 0;
		};
/* End PBXFrameworksBuildPhase section */

/* Begin PBXGroup section */
		C722F504183D46C400770D8F /* Testing Categories */ = {
			isa = PBXGroup;
			children = (
				C722F505183D470900770D8F /* KKMainViewController+TestingExtensions.h */,
				C722F506183D470900770D8F /* KKMainViewController+TestingExtensions.m */,
				C7F4A14E183EA3AE00C23AE3 /* KKTimePeriodTableViewController+TestingExtensions.h */,
				C7F4A14F183EA3AE00C23AE3 /* KKTimePeriodTableViewController+TestingExtensions.m */,
			);
			name = "Testing Categories";
			sourceTree = "<group>";
		};
		C78DA0BC184BAD92002DD772 /* Event Kit  */ = {
			isa = PBXGroup;
			children = (
				C78DA0AF184BA55E002DD772 /* EventKitController.h */,
				C78DA0B0184BA55E002DD772 /* EventKitController.m */,
				C78DA0B1184BA55E002DD772 /* KKEventKitController.h */,
				C78DA0B2184BA55E002DD772 /* KKEventKitController.m */,
			);
			name = "Event Kit ";
			sourceTree = "<group>";
		};
		C7935C3318240BFA0012E021 /* Animations */ = {
			isa = PBXGroup;
			children = (
				C7935C3E18281C150012E021 /* AnimationControllers */,
				C7935C4F18281C150012E021 /* InteractionControllers */,
			);
			name = Animations;
			sourceTree = "<group>";
		};
		C7935C3E18281C150012E021 /* AnimationControllers */ = {
			isa = PBXGroup;
			children = (
				C7935C3F18281C150012E021 /* CECardsAnimationController.h */,
				C7935C4018281C150012E021 /* CECardsAnimationController.m */,
				C7935C4118281C150012E021 /* CECrossfadeAnimationController.h */,
				C7935C4218281C150012E021 /* CECrossfadeAnimationController.m */,
				C7935C4318281C150012E021 /* CEExplodeAnimationController.h */,
				C7935C4418281C150012E021 /* CEExplodeAnimationController.m */,
				C7935C4518281C150012E021 /* CEFlipAnimationController.h */,
				C7935C4618281C150012E021 /* CEFlipAnimationController.m */,
				C7935C4718281C150012E021 /* CEFoldAnimationController.h */,
				C7935C4818281C150012E021 /* CEFoldAnimationController.m */,
				C7935C4918281C150012E021 /* CENatGeoAnimationController.h */,
				C7935C4A18281C150012E021 /* CENatGeoAnimationController.m */,
				C7935C4B18281C150012E021 /* CEReversibleAnimationController.h */,
				C7935C4C18281C150012E021 /* CEReversibleAnimationController.m */,
				C7935C4D18281C150012E021 /* CETurnAnimationController.h */,
				C7935C4E18281C150012E021 /* CETurnAnimationController.m */,
			);
			name = AnimationControllers;
			path = Classes/AnimationControllers;
			sourceTree = "<group>";
		};
		C7935C4F18281C150012E021 /* InteractionControllers */ = {
			isa = PBXGroup;
			children = (
				C7935C5018281C150012E021 /* CEBaseInteractionController.h */,
				C7935C5118281C150012E021 /* CEBaseInteractionController.m */,
				C7935C5218281C150012E021 /* CEHorizontalSwipeInteractionController.h */,
				C7935C5318281C150012E021 /* CEHorizontalSwipeInteractionController.m */,
				C7935C5418281C150012E021 /* CEPinchInteractionController.h */,
				C7935C5518281C150012E021 /* CEPinchInteractionController.m */,
				C7935C5618281C150012E021 /* CEVerticalSwipeInteractionController.h */,
				C7935C5718281C150012E021 /* CEVerticalSwipeInteractionController.m */,
			);
			name = InteractionControllers;
			path = Classes/InteractionControllers;
			sourceTree = "<group>";
		};
		C7939ADB18315F2300BA49B9 /* 3rd Party */ = {
			isa = PBXGroup;
			children = (
				C7C36467184DA09800F5C723 /* Appirater */,
				C7F9929718401DAD0060B266 /* UICountingLabel */,
			);
			path = "3rd Party";
			sourceTree = "<group>";
		};
		C7C36467184DA09800F5C723 /* Appirater */ = {
			isa = PBXGroup;
			children = (
				C7C36468184DA0E400F5C723 /* Appirater.h */,
				C7C36469184DA0E400F5C723 /* Appirater.m */,
				C7C3646A184DA0E400F5C723 /* AppiraterDelegate.h */,
				C7C3646B184DA0E400F5C723 /* ar.lproj */,
				C7C3646E184DA0E400F5C723 /* ca.lproj */,
				C7C36471184DA0E400F5C723 /* cs.lproj */,
				C7C36474184DA0E400F5C723 /* da.lproj */,
				C7C36477184DA0E400F5C723 /* de.lproj */,
				C7C3647A184DA0E400F5C723 /* el.lproj */,
				C7C3647D184DA0E400F5C723 /* en.lproj */,
				C7C36480184DA0E400F5C723 /* es.lproj */,
				C7C36483184DA0E400F5C723 /* fi.lproj */,
				C7C36486184DA0E400F5C723 /* fr.lproj */,
				C7C36489184DA0E400F5C723 /* he.lproj */,
				C7C3648C184DA0E400F5C723 /* hu.lproj */,
				C7C3648F184DA0E400F5C723 /* id.lproj */,
				C7C36492184DA0E400F5C723 /* it.lproj */,
				C7C36495184DA0E400F5C723 /* ja.lproj */,
				C7C36498184DA0E400F5C723 /* ko.lproj */,
				C7C3649B184DA0E400F5C723 /* ms.lproj */,
				C7C3649E184DA0E400F5C723 /* nb.lproj */,
				C7C364A1184DA0E400F5C723 /* nl.lproj */,
				C7C364A4184DA0E400F5C723 /* pl.lproj */,
				C7C364A7184DA0E400F5C723 /* pt-BR.lproj */,
				C7C364AA184DA0E400F5C723 /* pt.lproj */,
				C7C364AD184DA0E400F5C723 /* ro.lproj */,
				C7C364B0184DA0E400F5C723 /* ru.lproj */,
				C7C364B3184DA0E400F5C723 /* sk.lproj */,
				C7C364B6184DA0E400F5C723 /* sv.lproj */,
				C7C364B9184DA0E400F5C723 /* th.lproj */,
				C7C364BC184DA0E400F5C723 /* tr.lproj */,
				C7C364BF184DA0E400F5C723 /* vi.lproj */,
				C7C364C2184DA0E400F5C723 /* zh-Hans.lproj */,
				C7C364C5184DA0E400F5C723 /* zh-Hant.lproj */,
			);
			name = Appirater;
			sourceTree = "<group>";
		};
		C7C3646B184DA0E400F5C723 /* ar.lproj */ = {
			isa = PBXGroup;
			children = (
				C7C3646C184DA0E400F5C723 /* AppiraterLocalizable.strings */,
			);
			name = ar.lproj;
			path = Appirater/ar.lproj;
			sourceTree = "<group>";
		};
		C7C3646E184DA0E400F5C723 /* ca.lproj */ = {
			isa = PBXGroup;
			children = (
				C7C3646F184DA0E400F5C723 /* AppiraterLocalizable.strings */,
			);
			name = ca.lproj;
			path = Appirater/ca.lproj;
			sourceTree = "<group>";
		};
		C7C36471184DA0E400F5C723 /* cs.lproj */ = {
			isa = PBXGroup;
			children = (
				C7C36472184DA0E400F5C723 /* AppiraterLocalizable.strings */,
			);
			name = cs.lproj;
			path = Appirater/cs.lproj;
			sourceTree = "<group>";
		};
		C7C36474184DA0E400F5C723 /* da.lproj */ = {
			isa = PBXGroup;
			children = (
				C7C36475184DA0E400F5C723 /* AppiraterLocalizable.strings */,
			);
			name = da.lproj;
			path = Appirater/da.lproj;
			sourceTree = "<group>";
		};
		C7C36477184DA0E400F5C723 /* de.lproj */ = {
			isa = PBXGroup;
			children = (
				C7C36478184DA0E400F5C723 /* AppiraterLocalizable.strings */,
			);
			name = de.lproj;
			path = Appirater/de.lproj;
			sourceTree = "<group>";
		};
		C7C3647A184DA0E400F5C723 /* el.lproj */ = {
			isa = PBXGroup;
			children = (
				C7C3647B184DA0E400F5C723 /* AppiraterLocalizable.strings */,
			);
			name = el.lproj;
			path = Appirater/el.lproj;
			sourceTree = "<group>";
		};
		C7C3647D184DA0E400F5C723 /* en.lproj */ = {
			isa = PBXGroup;
			children = (
				C7C3647E184DA0E400F5C723 /* AppiraterLocalizable.strings */,
			);
			name = en.lproj;
			path = Appirater/en.lproj;
			sourceTree = "<group>";
		};
		C7C36480184DA0E400F5C723 /* es.lproj */ = {
			isa = PBXGroup;
			children = (
				C7C36481184DA0E400F5C723 /* AppiraterLocalizable.strings */,
			);
			name = es.lproj;
			path = Appirater/es.lproj;
			sourceTree = "<group>";
		};
		C7C36483184DA0E400F5C723 /* fi.lproj */ = {
			isa = PBXGroup;
			children = (
				C7C36484184DA0E400F5C723 /* AppiraterLocalizable.strings */,
			);
			name = fi.lproj;
			path = Appirater/fi.lproj;
			sourceTree = "<group>";
		};
		C7C36486184DA0E400F5C723 /* fr.lproj */ = {
			isa = PBXGroup;
			children = (
				C7C36487184DA0E400F5C723 /* AppiraterLocalizable.strings */,
			);
			name = fr.lproj;
			path = Appirater/fr.lproj;
			sourceTree = "<group>";
		};
		C7C36489184DA0E400F5C723 /* he.lproj */ = {
			isa = PBXGroup;
			children = (
				C7C3648A184DA0E400F5C723 /* AppiraterLocalizable.strings */,
			);
			name = he.lproj;
			path = Appirater/he.lproj;
			sourceTree = "<group>";
		};
		C7C3648C184DA0E400F5C723 /* hu.lproj */ = {
			isa = PBXGroup;
			children = (
				C7C3648D184DA0E400F5C723 /* AppiraterLocalizable.strings */,
			);
			name = hu.lproj;
			path = Appirater/hu.lproj;
			sourceTree = "<group>";
		};
		C7C3648F184DA0E400F5C723 /* id.lproj */ = {
			isa = PBXGroup;
			children = (
				C7C36490184DA0E400F5C723 /* AppiraterLocalizable.strings */,
			);
			name = id.lproj;
			path = Appirater/id.lproj;
			sourceTree = "<group>";
		};
		C7C36492184DA0E400F5C723 /* it.lproj */ = {
			isa = PBXGroup;
			children = (
				C7C36493184DA0E400F5C723 /* AppiraterLocalizable.strings */,
			);
			name = it.lproj;
			path = Appirater/it.lproj;
			sourceTree = "<group>";
		};
		C7C36495184DA0E400F5C723 /* ja.lproj */ = {
			isa = PBXGroup;
			children = (
				C7C36496184DA0E400F5C723 /* AppiraterLocalizable.strings */,
			);
			name = ja.lproj;
			path = Appirater/ja.lproj;
			sourceTree = "<group>";
		};
		C7C36498184DA0E400F5C723 /* ko.lproj */ = {
			isa = PBXGroup;
			children = (
				C7C36499184DA0E400F5C723 /* AppiraterLocalizable.strings */,
			);
			name = ko.lproj;
			path = Appirater/ko.lproj;
			sourceTree = "<group>";
		};
		C7C3649B184DA0E400F5C723 /* ms.lproj */ = {
			isa = PBXGroup;
			children = (
				C7C3649C184DA0E400F5C723 /* AppiraterLocalizable.strings */,
			);
			name = ms.lproj;
			path = Appirater/ms.lproj;
			sourceTree = "<group>";
		};
		C7C3649E184DA0E400F5C723 /* nb.lproj */ = {
			isa = PBXGroup;
			children = (
				C7C3649F184DA0E400F5C723 /* AppiraterLocalizable.strings */,
			);
			name = nb.lproj;
			path = Appirater/nb.lproj;
			sourceTree = "<group>";
		};
		C7C364A1184DA0E400F5C723 /* nl.lproj */ = {
			isa = PBXGroup;
			children = (
				C7C364A2184DA0E400F5C723 /* AppiraterLocalizable.strings */,
			);
			name = nl.lproj;
			path = Appirater/nl.lproj;
			sourceTree = "<group>";
		};
		C7C364A4184DA0E400F5C723 /* pl.lproj */ = {
			isa = PBXGroup;
			children = (
				C7C364A5184DA0E400F5C723 /* AppiraterLocalizable.strings */,
			);
			name = pl.lproj;
			path = Appirater/pl.lproj;
			sourceTree = "<group>";
		};
		C7C364A7184DA0E400F5C723 /* pt-BR.lproj */ = {
			isa = PBXGroup;
			children = (
				C7C364A8184DA0E400F5C723 /* AppiraterLocalizable.strings */,
			);
			name = "pt-BR.lproj";
			path = "Appirater/pt-BR.lproj";
			sourceTree = "<group>";
		};
		C7C364AA184DA0E400F5C723 /* pt.lproj */ = {
			isa = PBXGroup;
			children = (
				C7C364AB184DA0E400F5C723 /* AppiraterLocalizable.strings */,
			);
			name = pt.lproj;
			path = Appirater/pt.lproj;
			sourceTree = "<group>";
		};
		C7C364AD184DA0E400F5C723 /* ro.lproj */ = {
			isa = PBXGroup;
			children = (
				C7C364AE184DA0E400F5C723 /* AppiraterLocalizable.strings */,
			);
			name = ro.lproj;
			path = Appirater/ro.lproj;
			sourceTree = "<group>";
		};
		C7C364B0184DA0E400F5C723 /* ru.lproj */ = {
			isa = PBXGroup;
			children = (
				C7C364B1184DA0E400F5C723 /* AppiraterLocalizable.strings */,
			);
			name = ru.lproj;
			path = Appirater/ru.lproj;
			sourceTree = "<group>";
		};
		C7C364B3184DA0E400F5C723 /* sk.lproj */ = {
			isa = PBXGroup;
			children = (
				C7C364B4184DA0E400F5C723 /* AppiraterLocalizable.strings */,
			);
			name = sk.lproj;
			path = Appirater/sk.lproj;
			sourceTree = "<group>";
		};
		C7C364B6184DA0E400F5C723 /* sv.lproj */ = {
			isa = PBXGroup;
			children = (
				C7C364B7184DA0E400F5C723 /* AppiraterLocalizable.strings */,
			);
			name = sv.lproj;
			path = Appirater/sv.lproj;
			sourceTree = "<group>";
		};
		C7C364B9184DA0E400F5C723 /* th.lproj */ = {
			isa = PBXGroup;
			children = (
				C7C364BA184DA0E400F5C723 /* AppiraterLocalizable.strings */,
			);
			name = th.lproj;
			path = Appirater/th.lproj;
			sourceTree = "<group>";
		};
		C7C364BC184DA0E400F5C723 /* tr.lproj */ = {
			isa = PBXGroup;
			children = (
				C7C364BD184DA0E400F5C723 /* AppiraterLocalizable.strings */,
			);
			name = tr.lproj;
			path = Appirater/tr.lproj;
			sourceTree = "<group>";
		};
		C7C364BF184DA0E400F5C723 /* vi.lproj */ = {
			isa = PBXGroup;
			children = (
				C7C364C0184DA0E400F5C723 /* AppiraterLocalizable.strings */,
			);
			name = vi.lproj;
			path = Appirater/vi.lproj;
			sourceTree = "<group>";
		};
		C7C364C2184DA0E400F5C723 /* zh-Hans.lproj */ = {
			isa = PBXGroup;
			children = (
				C7C364C3184DA0E400F5C723 /* AppiraterLocalizable.strings */,
			);
			name = "zh-Hans.lproj";
			path = "Appirater/zh-Hans.lproj";
			sourceTree = "<group>";
		};
		C7C364C5184DA0E400F5C723 /* zh-Hant.lproj */ = {
			isa = PBXGroup;
			children = (
				C7C364C6184DA0E400F5C723 /* AppiraterLocalizable.strings */,
			);
			name = "zh-Hant.lproj";
			path = "Appirater/zh-Hant.lproj";
			sourceTree = "<group>";
		};
		C7C94B3C183C0C1E00C626D9 /* Mocks, Fakes and Stubs */ = {
			isa = PBXGroup;
			children = (
			);
			name = "Mocks, Fakes and Stubs";
			sourceTree = "<group>";
		};
		C7DB1D6E18218C6C009A2DCC = {
			isa = PBXGroup;
			children = (
				C7DB1D8018218C6C009A2DCC /* CalcuDates */,
				C7DB1DA518218C6C009A2DCC /* CalcuDatesTests */,
				C7DB1D7918218C6C009A2DCC /* Frameworks */,
				C7DB1D7818218C6C009A2DCC /* Products */,
				610CF16D12BF4A8EB588F390 /* Pods.xcconfig */,
			);
			sourceTree = "<group>";
		};
		C7DB1D7818218C6C009A2DCC /* Products */ = {
			isa = PBXGroup;
			children = (
				C7DB1D7718218C6C009A2DCC /* CalcuDates.app */,
				C7DB1D9E18218C6C009A2DCC /* CalcuDatesTests.xctest */,
			);
			name = Products;
			sourceTree = "<group>";
		};
		C7DB1D7918218C6C009A2DCC /* Frameworks */ = {
			isa = PBXGroup;
			children = (
				C79E9D51184DABAE007F82FC /* Crashlytics.framework */,
				C7C364E8184DA14200F5C723 /* StoreKit.framework */,
				C78DA0C1184BD3B7002DD772 /* RevMobAds.framework */,
				C7DB1DB518218F25009A2DCC /* AdSupport.framework */,
				C7DB1DB618218F25009A2DCC /* CFNetwork.framework */,
				C7DB1DB718218F25009A2DCC /* EventKit.framework */,
				C7DB1DB818218F25009A2DCC /* EventKitUI.framework */,
				C7DB1DB918218F25009A2DCC /* QuartzCore.framework */,
				C7DB1DBB18218F25009A2DCC /* SystemConfiguration.framework */,
				C7DB1D7A18218C6C009A2DCC /* Foundation.framework */,
				C7DB1D7C18218C6C009A2DCC /* CoreGraphics.framework */,
				C7DB1D7E18218C6C009A2DCC /* UIKit.framework */,
				C7DB1D9F18218C6C009A2DCC /* XCTest.framework */,
				93A21E9239314E86AEB33567 /* libPods.a */,
			);
			name = Frameworks;
			sourceTree = "<group>";
		};
		C7DB1D8018218C6C009A2DCC /* CalcuDates */ = {
			isa = PBXGroup;
			children = (
				C7DB1DC718219390009A2DCC /* DevNotes.devnotes */,
				C7DB1D8918218C6C009A2DCC /* KKAppDelegate.h */,
				C7DB1D8A18218C6C009A2DCC /* KKAppDelegate.m */,
				C7DB1DC918219636009A2DCC /* Classes */,
				C7935C3318240BFA0012E021 /* Animations */,
				C7F0FBEC182844B000CEA23A /* Custom Table Cells */,
				C7DB1DC81821961E009A2DCC /* View Controllers */,
				C7DB1DCA18219643009A2DCC /* UI Resources */,
				C7DB1D8118218C6C009A2DCC /* Supporting Files */,
			);
			path = CalcuDates;
			sourceTree = "<group>";
		};
		C7DB1D8118218C6C009A2DCC /* Supporting Files */ = {
			isa = PBXGroup;
			children = (
				C7939ADB18315F2300BA49B9 /* 3rd Party */,
				C7DB1D8218218C6C009A2DCC /* CalcuDates-Info.plist */,
				C7DB1D8318218C6C009A2DCC /* InfoPlist.strings */,
				C7DB1D8618218C6C009A2DCC /* main.m */,
				C7DB1D8818218C6C009A2DCC /* CalcuDates-Prefix.pch */,
			);
			name = "Supporting Files";
			sourceTree = "<group>";
		};
		C7DB1DA518218C6C009A2DCC /* CalcuDatesTests */ = {
			isa = PBXGroup;
			children = (
				C722F504183D46C400770D8F /* Testing Categories */,
				C7C94B3C183C0C1E00C626D9 /* Mocks, Fakes and Stubs */,
				C7DB1DAB18218C6D009A2DCC /* KKMainViewControllerTests.m */,
				C7C94B40183C16A500C626D9 /* KKTabBarControllerTests.m */,
				C7C94B42183C1D9A00C626D9 /* KKSettingsViewControllerTests.m */,
				C7EC6C6E183D0D5100402410 /* KKTimePeriodTableViewControllerTests.m */,
				C7554CE8184D48500047AED1 /* KKNewDateTableViewControllerTests.m */,
				C7F4A15D183FEAE700C23AE3 /* KKDateDifferencesCellTests.m */,
				C70F57A61843EBF200C22F0A /* KKDateManagerTests.m */,
				C7DB1DA618218C6D009A2DCC /* Supporting Files */,
			);
			path = CalcuDatesTests;
			sourceTree = "<group>";
		};
		C7DB1DA618218C6D009A2DCC /* Supporting Files */ = {
			isa = PBXGroup;
			children = (
				C7DB1DA718218C6D009A2DCC /* CalcuDatesTests-Info.plist */,
				C7DB1DA818218C6D009A2DCC /* InfoPlist.strings */,
			);
			name = "Supporting Files";
			sourceTree = "<group>";
		};
		C7DB1DC81821961E009A2DCC /* View Controllers */ = {
			isa = PBXGroup;
			children = (
				C78DA0BC184BAD92002DD772 /* Event Kit  */,
				C74ED59D182361F2003D137C /* KKMainViewController.h */,
				C74ED59E182361F2003D137C /* KKMainViewController.m */,
				C7935C3B1828080C0012E021 /* KKTabBarController.h */,
				C7935C3C1828080C0012E021 /* KKTabBarController.m */,
				C7F0FBE618283FF400CEA23A /* KKTimePeriodTableViewController.h */,
				C7F0FBE718283FF400CEA23A /* KKTimePeriodTableViewController.m */,
				C70F57AB1844025500C22F0A /* KKNewDateTableViewController.h */,
				C70F57AC1844025500C22F0A /* KKNewDateTableViewController.m */,
				C73D385E18316A6800AD9887 /* KKSettingsViewController.h */,
				C73D385F18316A6800AD9887 /* KKSettingsViewController.m */,
			);
			name = "View Controllers";
			sourceTree = "<group>";
		};
		C7DB1DC918219636009A2DCC /* Classes */ = {
			isa = PBXGroup;
			children = (
				C73D3858183169AC00AD9887 /* UIImage+ImageEffects.h */,
				C73D3859183169AC00AD9887 /* UIImage+ImageEffects.m */,
				C7F0FBF218286B0200CEA23A /* KKSlightIndentTextField.h */,
				C7F0FBF318286B0200CEA23A /* KKSlightIndentTextField.m */,
				C7F0FBD21828296200CEA23A /* AppCalendar.h */,
				C7F0FBD31828296200CEA23A /* AppCalendar.m */,
				C7F0FBD91828296200CEA23A /* MyManager.h */,
				C7F0FBDA1828296200CEA23A /* MyManager.m */,
				C74ED59718234E0C003D137C /* KKConstants.h */,
				C76ECE0618293CF7005E5591 /* KKMacros.h */,
				C70F57A31843E76100C22F0A /* KKDateManager.h */,
				C70F57A41843E76100C22F0A /* KKDateManager.m */,
			);
			name = Classes;
			sourceTree = "<group>";
		};
		C7DB1DCA18219643009A2DCC /* UI Resources */ = {
			isa = PBXGroup;
			children = (
				C7DB1D8C18218C6C009A2DCC /* Main_iPhone.storyboard */,
				C7DB1D9818218C6C009A2DCC /* Images.xcassets */,
			);
			name = "UI Resources";
			sourceTree = "<group>";
		};
		C7F0FBEC182844B000CEA23A /* Custom Table Cells */ = {
			isa = PBXGroup;
			children = (
				C70F57B8184415FA00C22F0A /* KKDurationEntryCell.h */,
				C70F57B9184415FA00C22F0A /* KKDurationEntryCell.m */,
				C70F57BA184415FA00C22F0A /* KKDurationEntryCell.xib */,
				C70F57B31844075800C22F0A /* KKCalculatedEndDateCell.h */,
				C70F57B41844075800C22F0A /* KKCalculatedEndDateCell.m */,
				C70F57B51844075800C22F0A /* KKCalculatedEndDateCell.xib */,
				C76ECE0B1829A386005E5591 /* KKDatePickerCell.h */,
				C76ECE0C1829A386005E5591 /* KKDatePickerCell.m */,
				C76ECE0D1829A386005E5591 /* KKDatePickerCell.xib */,
				C7F0FBF718286F5E00CEA23A /* KKButtonBarCell.h */,
				C7F0FBF818286F5E00CEA23A /* KKButtonBarCell.m */,
				C7F0FBF918286F5E00CEA23A /* KKButtonBarCell.xib */,
				C7F0FBFA18286F5E00CEA23A /* KKDateCell.h */,
				C7F0FBFB18286F5E00CEA23A /* KKDateCell.m */,
				C7F0FBFC18286F5E00CEA23A /* KKDateCell.xib */,
				C7F0FBFD18286F5E00CEA23A /* KKDateDifferencesCell.h */,
				C7F0FBFE18286F5E00CEA23A /* KKDateDifferencesCell.m */,
				C7F0FBFF18286F5E00CEA23A /* KKDateDifferencesCell.xib */,
			);
			name = "Custom Table Cells";
			sourceTree = "<group>";
		};
		C7F9929718401DAD0060B266 /* UICountingLabel */ = {
			isa = PBXGroup;
			children = (
				C7F9929818401DDC0060B266 /* UICountingLabel.h */,
				C7F9929918401DDC0060B266 /* UICountingLabel.m */,
			);
			name = UICountingLabel;
			sourceTree = "<group>";
		};
/* End PBXGroup section */

/* Begin PBXNativeTarget section */
		C7DB1D7618218C6C009A2DCC /* CalcuDates */ = {
			isa = PBXNativeTarget;
			buildConfigurationList = C7DB1DAF18218C6D009A2DCC /* Build configuration list for PBXNativeTarget "CalcuDates" */;
			buildPhases = (
				B691181E45F7470CAE322FF0 /* Check Pods Manifest.lock */,
				C7DB1D7318218C6C009A2DCC /* Sources */,
				C7DB1D7418218C6C009A2DCC /* Frameworks */,
				C7DB1D7518218C6C009A2DCC /* Resources */,
				8339E507075B4EE693D5FADB /* Copy Pods Resources */,
				C787BD5718452D640027ECC1 /* ShellScript */,
			);
			buildRules = (
			);
			dependencies = (
			);
			name = CalcuDates;
			productName = CalcuDates;
			productReference = C7DB1D7718218C6C009A2DCC /* CalcuDates.app */;
			productType = "com.apple.product-type.application";
		};
		C7DB1D9D18218C6C009A2DCC /* CalcuDatesTests */ = {
			isa = PBXNativeTarget;
			buildConfigurationList = C7DB1DB218218C6D009A2DCC /* Build configuration list for PBXNativeTarget "CalcuDatesTests" */;
			buildPhases = (
				C7DB1D9A18218C6C009A2DCC /* Sources */,
				C7DB1D9B18218C6C009A2DCC /* Frameworks */,
				C7DB1D9C18218C6C009A2DCC /* Resources */,
			);
			buildRules = (
			);
			dependencies = (
				C7DB1DA418218C6C009A2DCC /* PBXTargetDependency */,
			);
			name = CalcuDatesTests;
			productName = CalcuDatesTests;
			productReference = C7DB1D9E18218C6C009A2DCC /* CalcuDatesTests.xctest */;
			productType = "com.apple.product-type.bundle.unit-test";
		};
/* End PBXNativeTarget section */

/* Begin PBXProject section */
		C7DB1D6F18218C6C009A2DCC /* Project object */ = {
			isa = PBXProject;
			attributes = {
				CLASSPREFIX = KK;
				LastUpgradeCheck = 0500;
				ORGANIZATIONNAME = "Kerry Knight";
				TargetAttributes = {
					C7DB1D7618218C6C009A2DCC = {
						DevelopmentTeam = 2FXS3J8N9C;
						SystemCapabilities = {
							com.apple.InAppPurchase = {
								enabled = 0;
							};
						};
					};
					C7DB1D9D18218C6C009A2DCC = {
						TestTargetID = C7DB1D7618218C6C009A2DCC;
					};
				};
			};
			buildConfigurationList = C7DB1D7218218C6C009A2DCC /* Build configuration list for PBXProject "CalcuDates" */;
			compatibilityVersion = "Xcode 3.2";
			developmentRegion = English;
			hasScannedForEncodings = 0;
			knownRegions = (
				en,
				Base,
				ar,
				ca,
				cs,
				da,
				de,
				el,
				es,
				fi,
				fr,
				he,
				hu,
				id,
				it,
				ja,
				ko,
				ms,
				nb,
				nl,
				pl,
				"pt-BR",
				pt,
				ro,
				ru,
				sk,
				sv,
				th,
				tr,
				vi,
				"zh-Hans",
				"zh-Hant",
			);
			mainGroup = C7DB1D6E18218C6C009A2DCC;
			productRefGroup = C7DB1D7818218C6C009A2DCC /* Products */;
			projectDirPath = "";
			projectRoot = "";
			targets = (
				C7DB1D7618218C6C009A2DCC /* CalcuDates */,
				C7DB1D9D18218C6C009A2DCC /* CalcuDatesTests */,
			);
		};
/* End PBXProject section */

/* Begin PBXResourcesBuildPhase section */
		C7DB1D7518218C6C009A2DCC /* Resources */ = {
			isa = PBXResourcesBuildPhase;
			buildActionMask = 2147483647;
			files = (
				C7C364E7184DA0E400F5C723 /* AppiraterLocalizable.strings in Resources */,
				C7C364CC184DA0E400F5C723 /* AppiraterLocalizable.strings in Resources */,
				C7DB1D9918218C6C009A2DCC /* Images.xcassets in Resources */,
				C7C364E5184DA0E400F5C723 /* AppiraterLocalizable.strings in Resources */,
				C7C364E2184DA0E400F5C723 /* AppiraterLocalizable.strings in Resources */,
				C7C364D9184DA0E400F5C723 /* AppiraterLocalizable.strings in Resources */,
				C7C364DB184DA0E400F5C723 /* AppiraterLocalizable.strings in Resources */,
				C7C364D8184DA0E400F5C723 /* AppiraterLocalizable.strings in Resources */,
				C7C364D0184DA0E400F5C723 /* AppiraterLocalizable.strings in Resources */,
				C7DB1D8E18218C6C009A2DCC /* Main_iPhone.storyboard in Resources */,
				C7C364DD184DA0E400F5C723 /* AppiraterLocalizable.strings in Resources */,
				C7C364CF184DA0E400F5C723 /* AppiraterLocalizable.strings in Resources */,
				C7C364DC184DA0E400F5C723 /* AppiraterLocalizable.strings in Resources */,
				C7C364CB184DA0E400F5C723 /* AppiraterLocalizable.strings in Resources */,
				C7C364CA184DA0E400F5C723 /* AppiraterLocalizable.strings in Resources */,
				C7F0FC0818286F5E00CEA23A /* KKDateDifferencesCell.xib in Resources */,
				C7C364E4184DA0E400F5C723 /* AppiraterLocalizable.strings in Resources */,
				C70F57BC184415FA00C22F0A /* KKDurationEntryCell.xib in Resources */,
				C70F57B71844075800C22F0A /* KKCalculatedEndDateCell.xib in Resources */,
				C7C364CD184DA0E400F5C723 /* AppiraterLocalizable.strings in Resources */,
				C7DB1D8518218C6C009A2DCC /* InfoPlist.strings in Resources */,
				C7C364E3184DA0E400F5C723 /* AppiraterLocalizable.strings in Resources */,
				C7C364DA184DA0E400F5C723 /* AppiraterLocalizable.strings in Resources */,
				C7F0FC0418286F5E00CEA23A /* KKButtonBarCell.xib in Resources */,
				C7F0FC0618286F5E00CEA23A /* KKDateCell.xib in Resources */,
				C7C364E0184DA0E400F5C723 /* AppiraterLocalizable.strings in Resources */,
				C7C364DF184DA0E400F5C723 /* AppiraterLocalizable.strings in Resources */,
				C7C364D6184DA0E400F5C723 /* AppiraterLocalizable.strings in Resources */,
				C7C364D3184DA0E400F5C723 /* AppiraterLocalizable.strings in Resources */,
				C7C364D1184DA0E400F5C723 /* AppiraterLocalizable.strings in Resources */,
				C76ECE0F1829A386005E5591 /* KKDatePickerCell.xib in Resources */,
				C7C364D7184DA0E400F5C723 /* AppiraterLocalizable.strings in Resources */,
				C7C364C9184DA0E400F5C723 /* AppiraterLocalizable.strings in Resources */,
				C7C364E1184DA0E400F5C723 /* AppiraterLocalizable.strings in Resources */,
				C7C364CE184DA0E400F5C723 /* AppiraterLocalizable.strings in Resources */,
				C7C364D2184DA0E400F5C723 /* AppiraterLocalizable.strings in Resources */,
				C7C364D4184DA0E400F5C723 /* AppiraterLocalizable.strings in Resources */,
				C7C364DE184DA0E400F5C723 /* AppiraterLocalizable.strings in Resources */,
				C7C364E6184DA0E400F5C723 /* AppiraterLocalizable.strings in Resources */,
				C7C364D5184DA0E400F5C723 /* AppiraterLocalizable.strings in Resources */,
			);
			runOnlyForDeploymentPostprocessing = 0;
		};
		C7DB1D9C18218C6C009A2DCC /* Resources */ = {
			isa = PBXResourcesBuildPhase;
			buildActionMask = 2147483647;
			files = (
				C72002E2183ACF1200B39261 /* Main_iPhone.storyboard in Resources */,
				C7DB1DAA18218C6D009A2DCC /* InfoPlist.strings in Resources */,
			);
			runOnlyForDeploymentPostprocessing = 0;
		};
/* End PBXResourcesBuildPhase section */

/* Begin PBXShellScriptBuildPhase section */
		8339E507075B4EE693D5FADB /* Copy Pods Resources */ = {
			isa = PBXShellScriptBuildPhase;
			buildActionMask = 2147483647;
			files = (
			);
			inputPaths = (
			);
			name = "Copy Pods Resources";
			outputPaths = (
			);
			runOnlyForDeploymentPostprocessing = 0;
			shellPath = /bin/sh;
			shellScript = "\"${SRCROOT}/Pods/Pods-resources.sh\"\n";
			showEnvVarsInLog = 0;
		};
		B691181E45F7470CAE322FF0 /* Check Pods Manifest.lock */ = {
			isa = PBXShellScriptBuildPhase;
			buildActionMask = 2147483647;
			files = (
			);
			inputPaths = (
			);
			name = "Check Pods Manifest.lock";
			outputPaths = (
			);
			runOnlyForDeploymentPostprocessing = 0;
			shellPath = /bin/sh;
			shellScript = "diff \"${PODS_ROOT}/../Podfile.lock\" \"${PODS_ROOT}/Manifest.lock\" > /dev/null\nif [[ $? != 0 ]] ; then\n    cat << EOM\nerror: The sandbox is not in sync with the Podfile.lock. Run 'pod install' or update your CocoaPods installation.\nEOM\n    exit 1\nfi\n";
			showEnvVarsInLog = 0;
		};
		C787BD5718452D640027ECC1 /* ShellScript */ = {
			isa = PBXShellScriptBuildPhase;
			buildActionMask = 2147483647;
			files = (
			);
			inputPaths = (
			);
			outputPaths = (
			);
			runOnlyForDeploymentPostprocessing = 0;
			shellPath = /bin/sh;
			shellScript = "./Crashlytics.framework/run 72614ec4b03fbf638deccdb46a34d1ef0b3a0a62";
		};
/* End PBXShellScriptBuildPhase section */

/* Begin PBXSourcesBuildPhase section */
		C7DB1D7318218C6C009A2DCC /* Sources */ = {
			isa = PBXSourcesBuildPhase;
			buildActionMask = 2147483647;
			files = (
				C7C364C8184DA0E400F5C723 /* Appirater.m in Sources */,
				C7F0FC0318286F5E00CEA23A /* KKButtonBarCell.m in Sources */,
				C7935C6218281C150012E021 /* CEPinchInteractionController.m in Sources */,
				C7DB1D8B18218C6C009A2DCC /* KKAppDelegate.m in Sources */,
				C7935C6118281C150012E021 /* CEHorizontalSwipeInteractionController.m in Sources */,
				C70F57B61844075800C22F0A /* KKCalculatedEndDateCell.m in Sources */,
				C73D386018316A6800AD9887 /* KKSettingsViewController.m in Sources */,
				C7F0FBE818283FF400CEA23A /* KKTimePeriodTableViewController.m in Sources */,
				C7935C5C18281C150012E021 /* CEFoldAnimationController.m in Sources */,
				C7935C5918281C150012E021 /* CECrossfadeAnimationController.m in Sources */,
				C7935C5818281C150012E021 /* CECardsAnimationController.m in Sources */,
				C76ECE0E1829A386005E5591 /* KKDatePickerCell.m in Sources */,
				C7935C5F18281C150012E021 /* CETurnAnimationController.m in Sources */,
				C70F57A51843E76100C22F0A /* KKDateManager.m in Sources */,
				C7935C6018281C150012E021 /* CEBaseInteractionController.m in Sources */,
				C7935C5E18281C150012E021 /* CEReversibleAnimationController.m in Sources */,
				C78DA0B6184BAA04002DD772 /* KKEventKitController.m in Sources */,
				C78DA0AA184B04C2002DD772 /* UIImage+ImageEffects.m in Sources */,
				C7F0FBDF1828296200CEA23A /* AppCalendar.m in Sources */,
				C7F0FC0518286F5E00CEA23A /* KKDateCell.m in Sources */,
				C7935C6318281C150012E021 /* CEVerticalSwipeInteractionController.m in Sources */,
				C70F57BB184415FA00C22F0A /* KKDurationEntryCell.m in Sources */,
				C7935C5D18281C150012E021 /* CENatGeoAnimationController.m in Sources */,
				C7F0FBE31828296200CEA23A /* MyManager.m in Sources */,
				C7F9929A18401DDC0060B266 /* UICountingLabel.m in Sources */,
				C70F57AD1844025500C22F0A /* KKNewDateTableViewController.m in Sources */,
				C7DB1D8718218C6C009A2DCC /* main.m in Sources */,
				C7935C3D1828080C0012E021 /* KKTabBarController.m in Sources */,
				C7F0FC0718286F5E00CEA23A /* KKDateDifferencesCell.m in Sources */,
				C7F0FBF418286B0200CEA23A /* KKSlightIndentTextField.m in Sources */,
				C74ED59F182361F2003D137C /* KKMainViewController.m in Sources */,
				C78DA0B7184BAA07002DD772 /* EventKitController.m in Sources */,
				C7935C5A18281C150012E021 /* CEExplodeAnimationController.m in Sources */,
				C7935C5B18281C150012E021 /* CEFlipAnimationController.m in Sources */,
			);
			runOnlyForDeploymentPostprocessing = 0;
		};
		C7DB1D9A18218C6C009A2DCC /* Sources */ = {
			isa = PBXSourcesBuildPhase;
			buildActionMask = 2147483647;
			files = (
				C7F4A15E183FEAE700C23AE3 /* KKDateDifferencesCellTests.m in Sources */,
				C70F57A71843EBF200C22F0A /* KKDateManagerTests.m in Sources */,
				C7DB1DAC18218C6D009A2DCC /* KKMainViewControllerTests.m in Sources */,
				C7C94B43183C1D9A00C626D9 /* KKSettingsViewControllerTests.m in Sources */,
				C722F507183D470900770D8F /* KKMainViewController+TestingExtensions.m in Sources */,
				C7C94B41183C16A500C626D9 /* KKTabBarControllerTests.m in Sources */,
				C7F4A150183EA3AE00C23AE3 /* KKTimePeriodTableViewController+TestingExtensions.m in Sources */,
				C7EC6C6F183D0D5100402410 /* KKTimePeriodTableViewControllerTests.m in Sources */,
				C7554CE9184D48500047AED1 /* KKNewDateTableViewControllerTests.m in Sources */,
			);
			runOnlyForDeploymentPostprocessing = 0;
		};
/* End PBXSourcesBuildPhase section */

/* Begin PBXTargetDependency section */
		C7DB1DA418218C6C009A2DCC /* PBXTargetDependency */ = {
			isa = PBXTargetDependency;
			target = C7DB1D7618218C6C009A2DCC /* CalcuDates */;
			targetProxy = C7DB1DA318218C6C009A2DCC /* PBXContainerItemProxy */;
		};
/* End PBXTargetDependency section */

/* Begin PBXVariantGroup section */
		C7C3646C184DA0E400F5C723 /* AppiraterLocalizable.strings */ = {
			isa = PBXVariantGroup;
			children = (
				C7C3646D184DA0E400F5C723 /* ar */,
			);
			name = AppiraterLocalizable.strings;
			sourceTree = "<group>";
		};
		C7C3646F184DA0E400F5C723 /* AppiraterLocalizable.strings */ = {
			isa = PBXVariantGroup;
			children = (
				C7C36470184DA0E400F5C723 /* ca */,
			);
			name = AppiraterLocalizable.strings;
			sourceTree = "<group>";
		};
		C7C36472184DA0E400F5C723 /* AppiraterLocalizable.strings */ = {
			isa = PBXVariantGroup;
			children = (
				C7C36473184DA0E400F5C723 /* cs */,
			);
			name = AppiraterLocalizable.strings;
			sourceTree = "<group>";
		};
		C7C36475184DA0E400F5C723 /* AppiraterLocalizable.strings */ = {
			isa = PBXVariantGroup;
			children = (
				C7C36476184DA0E400F5C723 /* da */,
			);
			name = AppiraterLocalizable.strings;
			sourceTree = "<group>";
		};
		C7C36478184DA0E400F5C723 /* AppiraterLocalizable.strings */ = {
			isa = PBXVariantGroup;
			children = (
				C7C36479184DA0E400F5C723 /* de */,
			);
			name = AppiraterLocalizable.strings;
			sourceTree = "<group>";
		};
		C7C3647B184DA0E400F5C723 /* AppiraterLocalizable.strings */ = {
			isa = PBXVariantGroup;
			children = (
				C7C3647C184DA0E400F5C723 /* el */,
			);
			name = AppiraterLocalizable.strings;
			sourceTree = "<group>";
		};
		C7C3647E184DA0E400F5C723 /* AppiraterLocalizable.strings */ = {
			isa = PBXVariantGroup;
			children = (
				C7C3647F184DA0E400F5C723 /* en */,
			);
			name = AppiraterLocalizable.strings;
			sourceTree = "<group>";
		};
		C7C36481184DA0E400F5C723 /* AppiraterLocalizable.strings */ = {
			isa = PBXVariantGroup;
			children = (
				C7C36482184DA0E400F5C723 /* es */,
			);
			name = AppiraterLocalizable.strings;
			sourceTree = "<group>";
		};
		C7C36484184DA0E400F5C723 /* AppiraterLocalizable.strings */ = {
			isa = PBXVariantGroup;
			children = (
				C7C36485184DA0E400F5C723 /* fi */,
			);
			name = AppiraterLocalizable.strings;
			sourceTree = "<group>";
		};
		C7C36487184DA0E400F5C723 /* AppiraterLocalizable.strings */ = {
			isa = PBXVariantGroup;
			children = (
				C7C36488184DA0E400F5C723 /* fr */,
			);
			name = AppiraterLocalizable.strings;
			sourceTree = "<group>";
		};
		C7C3648A184DA0E400F5C723 /* AppiraterLocalizable.strings */ = {
			isa = PBXVariantGroup;
			children = (
				C7C3648B184DA0E400F5C723 /* he */,
			);
			name = AppiraterLocalizable.strings;
			sourceTree = "<group>";
		};
		C7C3648D184DA0E400F5C723 /* AppiraterLocalizable.strings */ = {
			isa = PBXVariantGroup;
			children = (
				C7C3648E184DA0E400F5C723 /* hu */,
			);
			name = AppiraterLocalizable.strings;
			sourceTree = "<group>";
		};
		C7C36490184DA0E400F5C723 /* AppiraterLocalizable.strings */ = {
			isa = PBXVariantGroup;
			children = (
				C7C36491184DA0E400F5C723 /* id */,
			);
			name = AppiraterLocalizable.strings;
			sourceTree = "<group>";
		};
		C7C36493184DA0E400F5C723 /* AppiraterLocalizable.strings */ = {
			isa = PBXVariantGroup;
			children = (
				C7C36494184DA0E400F5C723 /* it */,
			);
			name = AppiraterLocalizable.strings;
			sourceTree = "<group>";
		};
		C7C36496184DA0E400F5C723 /* AppiraterLocalizable.strings */ = {
			isa = PBXVariantGroup;
			children = (
				C7C36497184DA0E400F5C723 /* ja */,
			);
			name = AppiraterLocalizable.strings;
			sourceTree = "<group>";
		};
		C7C36499184DA0E400F5C723 /* AppiraterLocalizable.strings */ = {
			isa = PBXVariantGroup;
			children = (
				C7C3649A184DA0E400F5C723 /* ko */,
			);
			name = AppiraterLocalizable.strings;
			sourceTree = "<group>";
		};
		C7C3649C184DA0E400F5C723 /* AppiraterLocalizable.strings */ = {
			isa = PBXVariantGroup;
			children = (
				C7C3649D184DA0E400F5C723 /* ms */,
			);
			name = AppiraterLocalizable.strings;
			sourceTree = "<group>";
		};
		C7C3649F184DA0E400F5C723 /* AppiraterLocalizable.strings */ = {
			isa = PBXVariantGroup;
			children = (
				C7C364A0184DA0E400F5C723 /* nb */,
			);
			name = AppiraterLocalizable.strings;
			sourceTree = "<group>";
		};
		C7C364A2184DA0E400F5C723 /* AppiraterLocalizable.strings */ = {
			isa = PBXVariantGroup;
			children = (
				C7C364A3184DA0E400F5C723 /* nl */,
			);
			name = AppiraterLocalizable.strings;
			sourceTree = "<group>";
		};
		C7C364A5184DA0E400F5C723 /* AppiraterLocalizable.strings */ = {
			isa = PBXVariantGroup;
			children = (
				C7C364A6184DA0E400F5C723 /* pl */,
			);
			name = AppiraterLocalizable.strings;
			sourceTree = "<group>";
		};
		C7C364A8184DA0E400F5C723 /* AppiraterLocalizable.strings */ = {
			isa = PBXVariantGroup;
			children = (
				C7C364A9184DA0E400F5C723 /* pt-BR */,
			);
			name = AppiraterLocalizable.strings;
			sourceTree = "<group>";
		};
		C7C364AB184DA0E400F5C723 /* AppiraterLocalizable.strings */ = {
			isa = PBXVariantGroup;
			children = (
				C7C364AC184DA0E400F5C723 /* pt */,
			);
			name = AppiraterLocalizable.strings;
			sourceTree = "<group>";
		};
		C7C364AE184DA0E400F5C723 /* AppiraterLocalizable.strings */ = {
			isa = PBXVariantGroup;
			children = (
				C7C364AF184DA0E400F5C723 /* ro */,
			);
			name = AppiraterLocalizable.strings;
			sourceTree = "<group>";
		};
		C7C364B1184DA0E400F5C723 /* AppiraterLocalizable.strings */ = {
			isa = PBXVariantGroup;
			children = (
				C7C364B2184DA0E400F5C723 /* ru */,
			);
			name = AppiraterLocalizable.strings;
			sourceTree = "<group>";
		};
		C7C364B4184DA0E400F5C723 /* AppiraterLocalizable.strings */ = {
			isa = PBXVariantGroup;
			children = (
				C7C364B5184DA0E400F5C723 /* sk */,
			);
			name = AppiraterLocalizable.strings;
			sourceTree = "<group>";
		};
		C7C364B7184DA0E400F5C723 /* AppiraterLocalizable.strings */ = {
			isa = PBXVariantGroup;
			children = (
				C7C364B8184DA0E400F5C723 /* sv */,
			);
			name = AppiraterLocalizable.strings;
			sourceTree = "<group>";
		};
		C7C364BA184DA0E400F5C723 /* AppiraterLocalizable.strings */ = {
			isa = PBXVariantGroup;
			children = (
				C7C364BB184DA0E400F5C723 /* th */,
			);
			name = AppiraterLocalizable.strings;
			sourceTree = "<group>";
		};
		C7C364BD184DA0E400F5C723 /* AppiraterLocalizable.strings */ = {
			isa = PBXVariantGroup;
			children = (
				C7C364BE184DA0E400F5C723 /* tr */,
			);
			name = AppiraterLocalizable.strings;
			sourceTree = "<group>";
		};
		C7C364C0184DA0E400F5C723 /* AppiraterLocalizable.strings */ = {
			isa = PBXVariantGroup;
			children = (
				C7C364C1184DA0E400F5C723 /* vi */,
			);
			name = AppiraterLocalizable.strings;
			sourceTree = "<group>";
		};
		C7C364C3184DA0E400F5C723 /* AppiraterLocalizable.strings */ = {
			isa = PBXVariantGroup;
			children = (
				C7C364C4184DA0E400F5C723 /* zh-Hans */,
			);
			name = AppiraterLocalizable.strings;
			sourceTree = "<group>";
		};
		C7C364C6184DA0E400F5C723 /* AppiraterLocalizable.strings */ = {
			isa = PBXVariantGroup;
			children = (
				C7C364C7184DA0E400F5C723 /* zh-Hant */,
			);
			name = AppiraterLocalizable.strings;
			sourceTree = "<group>";
		};
		C7DB1D8318218C6C009A2DCC /* InfoPlist.strings */ = {
			isa = PBXVariantGroup;
			children = (
				C7DB1D8418218C6C009A2DCC /* en */,
			);
			name = InfoPlist.strings;
			sourceTree = "<group>";
		};
		C7DB1D8C18218C6C009A2DCC /* Main_iPhone.storyboard */ = {
			isa = PBXVariantGroup;
			children = (
				C7DB1D8D18218C6C009A2DCC /* Base */,
			);
			name = Main_iPhone.storyboard;
			sourceTree = "<group>";
		};
		C7DB1DA818218C6D009A2DCC /* InfoPlist.strings */ = {
			isa = PBXVariantGroup;
			children = (
				C7DB1DA918218C6D009A2DCC /* en */,
			);
			name = InfoPlist.strings;
			sourceTree = "<group>";
		};
/* End PBXVariantGroup section */

/* Begin XCBuildConfiguration section */
		C7DB1DAD18218C6D009A2DCC /* Debug */ = {
			isa = XCBuildConfiguration;
			buildSettings = {
				ALWAYS_SEARCH_USER_PATHS = NO;
				ARCHS = "$(ARCHS_STANDARD)";
				CLANG_CXX_LANGUAGE_STANDARD = "gnu++0x";
				CLANG_CXX_LIBRARY = "libc++";
				CLANG_ENABLE_MODULES = YES;
				CLANG_ENABLE_OBJC_ARC = YES;
				CLANG_WARN_BOOL_CONVERSION = YES;
				CLANG_WARN_CONSTANT_CONVERSION = YES;
				CLANG_WARN_DIRECT_OBJC_ISA_USAGE = YES_ERROR;
				CLANG_WARN_EMPTY_BODY = YES;
				CLANG_WARN_ENUM_CONVERSION = YES;
				CLANG_WARN_INT_CONVERSION = YES;
				CLANG_WARN_OBJC_ROOT_CLASS = YES_ERROR;
				CLANG_WARN__DUPLICATE_METHOD_MATCH = YES;
				CODE_SIGN_IDENTITY = "iPhone Distribution: Kerry Knight (2FXS3J8N9C)";
				COPY_PHASE_STRIP = NO;
				FRAMEWORK_SEARCH_PATHS = "\"$(SRCROOT)\"";
				GCC_C_LANGUAGE_STANDARD = gnu99;
				GCC_DYNAMIC_NO_PIC = NO;
				GCC_OPTIMIZATION_LEVEL = 0;
				GCC_PREPROCESSOR_DEFINITIONS = (
					"DEBUG=1",
					"$(inherited)",
				);
				GCC_SYMBOLS_PRIVATE_EXTERN = NO;
				GCC_WARN_64_TO_32_BIT_CONVERSION = YES;
				GCC_WARN_ABOUT_RETURN_TYPE = YES_ERROR;
				GCC_WARN_UNDECLARED_SELECTOR = YES;
				GCC_WARN_UNINITIALIZED_AUTOS = YES;
				GCC_WARN_UNUSED_FUNCTION = YES;
				GCC_WARN_UNUSED_VARIABLE = YES;
				HEADER_SEARCH_PATHS = (
					"$(inherited)",
					/Applications/Xcode.app/Contents/Developer/Toolchains/XcodeDefault.xctoolchain/usr/include,
					"${PODS_ROOT}",
					"${HEADER_SEARCH_PATHS}",
					"${HEADERS_SEARCH_PATHS}",
				);
				IPHONEOS_DEPLOYMENT_TARGET = 7.0;
				LIBRARY_SEARCH_PATHS = "";
				ONLY_ACTIVE_ARCH = YES;
				PROVISIONING_PROFILE = "30D0FC8A-F88E-472B-AE17-21689217CDF0";
				SDKROOT = iphoneos;
				TARGETED_DEVICE_FAMILY = 1;
				VALID_ARCHS = "armv7 armv7s";
			};
			name = Debug;
		};
		C7DB1DAE18218C6D009A2DCC /* Release */ = {
			isa = XCBuildConfiguration;
			buildSettings = {
				ALWAYS_SEARCH_USER_PATHS = NO;
				ARCHS = "$(ARCHS_STANDARD)";
				CLANG_CXX_LANGUAGE_STANDARD = "gnu++0x";
				CLANG_CXX_LIBRARY = "libc++";
				CLANG_ENABLE_MODULES = YES;
				CLANG_ENABLE_OBJC_ARC = YES;
				CLANG_WARN_BOOL_CONVERSION = YES;
				CLANG_WARN_CONSTANT_CONVERSION = YES;
				CLANG_WARN_DIRECT_OBJC_ISA_USAGE = YES_ERROR;
				CLANG_WARN_EMPTY_BODY = YES;
				CLANG_WARN_ENUM_CONVERSION = YES;
				CLANG_WARN_INT_CONVERSION = YES;
				CLANG_WARN_OBJC_ROOT_CLASS = YES_ERROR;
				CLANG_WARN__DUPLICATE_METHOD_MATCH = YES;
				CODE_SIGN_IDENTITY = "iPhone Distribution: Kerry Knight (2FXS3J8N9C)";
				COPY_PHASE_STRIP = YES;
				ENABLE_NS_ASSERTIONS = NO;
				FRAMEWORK_SEARCH_PATHS = "\"$(SRCROOT)\"";
				GCC_C_LANGUAGE_STANDARD = gnu99;
				GCC_WARN_64_TO_32_BIT_CONVERSION = YES;
				GCC_WARN_ABOUT_RETURN_TYPE = YES_ERROR;
				GCC_WARN_UNDECLARED_SELECTOR = YES;
				GCC_WARN_UNINITIALIZED_AUTOS = YES;
				GCC_WARN_UNUSED_FUNCTION = YES;
				GCC_WARN_UNUSED_VARIABLE = YES;
				HEADER_SEARCH_PATHS = (
					"$(inherited)",
					/Applications/Xcode.app/Contents/Developer/Toolchains/XcodeDefault.xctoolchain/usr/include,
					"${PODS_ROOT}",
					"${HEADER_SEARCH_PATHS}",
					"${HEADERS_SEARCH_PATHS}",
				);
				IPHONEOS_DEPLOYMENT_TARGET = 7.0;
				LIBRARY_SEARCH_PATHS = "";
				ONLY_ACTIVE_ARCH = NO;
				OTHER_CFLAGS = "-DNS_BLOCK_ASSERTIONS=1";
				PROVISIONING_PROFILE = "30D0FC8A-F88E-472B-AE17-21689217CDF0";
				SDKROOT = iphoneos;
				TARGETED_DEVICE_FAMILY = 1;
				VALIDATE_PRODUCT = YES;
				VALID_ARCHS = "armv7 armv7s";
			};
			name = Release;
		};
		C7DB1DB018218C6D009A2DCC /* Debug */ = {
			isa = XCBuildConfiguration;
			baseConfigurationReference = 610CF16D12BF4A8EB588F390 /* Pods.xcconfig */;
			buildSettings = {
				ARCHS = "$(ARCHS_STANDARD)";
				ASSETCATALOG_COMPILER_APPICON_NAME = AppIcon;
				ASSETCATALOG_COMPILER_LAUNCHIMAGE_NAME = LaunchImage;
				CLANG_ENABLE_MODULES = YES;
				CODE_SIGN_IDENTITY = "iPhone Distribution: Kerry Knight (2FXS3J8N9C)";
				FRAMEWORK_SEARCH_PATHS = (
					"$(inherited)",
					/Users/Kerry/Desktop/Kerry_Apps/CalcuDates_V2,
				);
				GCC_PRECOMPILE_PREFIX_HEADER = YES;
				GCC_PREFIX_HEADER = "CalcuDates/CalcuDates-Prefix.pch";
				HEADER_SEARCH_PATHS = (
					"$(inherited)",
					"${SRC_ROOT}",
					"\"${PODS_ROOT}/Headers\"",
					"\"${PODS_ROOT}/Headers/BlocksKit\"",
					"\"${PODS_ROOT}/Headers/SVProgressHUD\"",
					"\"${PODS_ROOT}/Headers/ReactiveCocoa\"",
					"\"${PODS_ROOT}/Headers/ReactiveCocoa/ReactiveCocoa\"",
					"\"${PODS_ROOT}/Headers/RevMob\"",
					"\"${PODS_ROOT}/Headers/libffi\"",
					"\"${PODS_ROOT}/Headers/DAKeyboardControl\"",
				);
				INFOPLIST_FILE = "CalcuDates/CalcuDates-Info.plist";
				LIBRARY_SEARCH_PATHS = "";
				ONLY_ACTIVE_ARCH = YES;
				OTHER_LDFLAGS = (
					"-ObjC",
					"-Wl,-no_compact_unwind",
					"-framework",
					CoreGraphics,
					"-framework",
					MessageUI,
					"-lc++",
				);
				PRODUCT_NAME = "$(TARGET_NAME)";
				PROVISIONING_PROFILE = "30D0FC8A-F88E-472B-AE17-21689217CDF0";
				TARGETED_DEVICE_FAMILY = 1;
				VALID_ARCHS = "armv7 armv7s";
				WRAPPER_EXTENSION = app;
			};
			name = Debug;
		};
		C7DB1DB118218C6D009A2DCC /* Release */ = {
			isa = XCBuildConfiguration;
			baseConfigurationReference = 610CF16D12BF4A8EB588F390 /* Pods.xcconfig */;
			buildSettings = {
				ARCHS = "$(ARCHS_STANDARD)";
				ASSETCATALOG_COMPILER_APPICON_NAME = AppIcon;
				ASSETCATALOG_COMPILER_LAUNCHIMAGE_NAME = LaunchImage;
				CLANG_ENABLE_MODULES = YES;
				CODE_SIGN_IDENTITY = "iPhone Distribution: Kerry Knight (2FXS3J8N9C)";
				FRAMEWORK_SEARCH_PATHS = (
					"$(inherited)",
					/Users/Kerry/Desktop/Kerry_Apps/CalcuDates_V2,
				);
				GCC_PRECOMPILE_PREFIX_HEADER = YES;
				GCC_PREFIX_HEADER = "CalcuDates/CalcuDates-Prefix.pch";
				HEADER_SEARCH_PATHS = (
					"$(inherited)",
					"${SRC_ROOT}",
					"\"${PODS_ROOT}/Headers\"",
					"\"${PODS_ROOT}/Headers/BlocksKit\"",
					"\"${PODS_ROOT}/Headers/SVProgressHUD\"",
					"\"${PODS_ROOT}/Headers/ReactiveCocoa\"",
					"\"${PODS_ROOT}/Headers/ReactiveCocoa/ReactiveCocoa\"",
					"\"${PODS_ROOT}/Headers/RevMob\"",
					"\"${PODS_ROOT}/Headers/libffi\"",
					"\"${PODS_ROOT}/Headers/DAKeyboardControl\"",
				);
				INFOPLIST_FILE = "CalcuDates/CalcuDates-Info.plist";
				LIBRARY_SEARCH_PATHS = "";
				OTHER_LDFLAGS = (
					"-ObjC",
					"-Wl,-no_compact_unwind",
					"-framework",
					CoreGraphics,
					"-framework",
					MessageUI,
					"-lc++",
				);
				PRODUCT_NAME = "$(TARGET_NAME)";
				PROVISIONING_PROFILE = "30D0FC8A-F88E-472B-AE17-21689217CDF0";
				TARGETED_DEVICE_FAMILY = 1;
				VALID_ARCHS = "armv7 armv7s";
				WRAPPER_EXTENSION = app;
			};
			name = Release;
		};
		C7DB1DB318218C6D009A2DCC /* Debug */ = {
			isa = XCBuildConfiguration;
			baseConfigurationReference = 610CF16D12BF4A8EB588F390 /* Pods.xcconfig */;
			buildSettings = {
				ARCHS = "$(ARCHS_STANDARD)";
				BUNDLE_LOADER = "$(BUILT_PRODUCTS_DIR)/CalcuDates.app/CalcuDates";
				CLANG_ENABLE_MODULES = YES;
				CODE_SIGN_IDENTITY = "";
				FRAMEWORK_SEARCH_PATHS = (
					"$(SDKROOT)/Developer/Library/Frameworks",
					"$(inherited)",
					"$(DEVELOPER_FRAMEWORKS_DIR)",
				);
				GCC_PRECOMPILE_PREFIX_HEADER = YES;
				GCC_PREFIX_HEADER = "CalcuDates/CalcuDates-Prefix.pch";
				GCC_PREPROCESSOR_DEFINITIONS = (
					"DEBUG=1",
					"$(inherited)",
				);
				HEADER_SEARCH_PATHS = (
					"$(inherited)",
					"${SRC_ROOT}",
					"${HEADERS_SEARCH_PATHS}",
					"${PODS_ROOT}",
					"\"${PODS_ROOT}/Headers\"",
					"\"${PODS_ROOT}/Headers/BlocksKit\"",
					"\"${PODS_ROOT}/Headers/MBProgressHUD\"",
					"\"${PODS_ROOT}/Headers/ReactiveCocoa\"",
					"\"${PODS_ROOT}/Headers/ReactiveCocoa/ReactiveCocoa\"",
					"\"${PODS_ROOT}/Headers/RevMob\"",
					"\"${PODS_ROOT}/Headers/YLMoment\"",
					"\"${PODS_ROOT}/Headers/libffi\"",
				);
				INFOPLIST_FILE = "CalcuDatesTests/CalcuDatesTests-Info.plist";
				LIBRARY_SEARCH_PATHS = "";
				OTHER_LDFLAGS = (
					"-ObjC",
					"-Wl,-no_compact_unwind",
					"-framework",
					CoreGraphics,
					"-framework",
					MessageUI,
					"-lc++",
				);
				PRODUCT_NAME = "$(TARGET_NAME)";
				PROVISIONING_PROFILE = "30D0FC8A-F88E-472B-AE17-21689217CDF0";
				TEST_HOST = "$(BUNDLE_LOADER)";
				VALID_ARCHS = "armv7 armv7s";
				WRAPPER_EXTENSION = xctest;
			};
			name = Debug;
		};
		C7DB1DB418218C6D009A2DCC /* Release */ = {
			isa = XCBuildConfiguration;
			baseConfigurationReference = 610CF16D12BF4A8EB588F390 /* Pods.xcconfig */;
			buildSettings = {
				ARCHS = "$(ARCHS_STANDARD)";
				BUNDLE_LOADER = "$(BUILT_PRODUCTS_DIR)/CalcuDates.app/CalcuDates";
				CLANG_ENABLE_MODULES = YES;
				CODE_SIGN_IDENTITY = "";
				FRAMEWORK_SEARCH_PATHS = (
					"$(SDKROOT)/Developer/Library/Frameworks",
					"$(inherited)",
					"$(DEVELOPER_FRAMEWORKS_DIR)",
				);
				GCC_PRECOMPILE_PREFIX_HEADER = YES;
				GCC_PREFIX_HEADER = "CalcuDates/CalcuDates-Prefix.pch";
				HEADER_SEARCH_PATHS = (
					"$(inherited)",
					"${SRC_ROOT}",
					"${HEADERS_SEARCH_PATHS}",
					"${PODS_ROOT}",
					"\"${PODS_ROOT}/Headers\"",
					"\"${PODS_ROOT}/Headers/BlocksKit\"",
					"\"${PODS_ROOT}/Headers/MBProgressHUD\"",
					"\"${PODS_ROOT}/Headers/ReactiveCocoa\"",
					"\"${PODS_ROOT}/Headers/ReactiveCocoa/ReactiveCocoa\"",
					"\"${PODS_ROOT}/Headers/RevMob\"",
					"\"${PODS_ROOT}/Headers/YLMoment\"",
					"\"${PODS_ROOT}/Headers/libffi\"",
				);
				INFOPLIST_FILE = "CalcuDatesTests/CalcuDatesTests-Info.plist";
				LIBRARY_SEARCH_PATHS = "";
				OTHER_LDFLAGS = (
					"-ObjC",
					"-Wl,-no_compact_unwind",
					"-framework",
					CoreGraphics,
					"-framework",
					MessageUI,
					"-lc++",
				);
				PRODUCT_NAME = "$(TARGET_NAME)";
				PROVISIONING_PROFILE = "30D0FC8A-F88E-472B-AE17-21689217CDF0";
				TEST_HOST = "$(BUNDLE_LOADER)";
				VALID_ARCHS = "armv7 armv7s";
				WRAPPER_EXTENSION = xctest;
			};
			name = Release;
		};
/* End XCBuildConfiguration section */

/* Begin XCConfigurationList section */
		C7DB1D7218218C6C009A2DCC /* Build configuration list for PBXProject "CalcuDates" */ = {
			isa = XCConfigurationList;
			buildConfigurations = (
				C7DB1DAD18218C6D009A2DCC /* Debug */,
				C7DB1DAE18218C6D009A2DCC /* Release */,
			);
			defaultConfigurationIsVisible = 0;
			defaultConfigurationName = Release;
		};
		C7DB1DAF18218C6D009A2DCC /* Build configuration list for PBXNativeTarget "CalcuDates" */ = {
			isa = XCConfigurationList;
			buildConfigurations = (
				C7DB1DB018218C6D009A2DCC /* Debug */,
				C7DB1DB118218C6D009A2DCC /* Release */,
			);
			defaultConfigurationIsVisible = 0;
			defaultConfigurationName = Release;
		};
		C7DB1DB218218C6D009A2DCC /* Build configuration list for PBXNativeTarget "CalcuDatesTests" */ = {
			isa = XCConfigurationList;
			buildConfigurations = (
				C7DB1DB318218C6D009A2DCC /* Debug */,
				C7DB1DB418218C6D009A2DCC /* Release */,
			);
			defaultConfigurationIsVisible = 0;
			defaultConfigurationName = Release;
		};
/* End XCConfigurationList section */
	};
	rootObject = C7DB1D6F18218C6C009A2DCC /* Project object */;
}
